// !$*UTF8*$!
{
	archiveVersion = 1;
	classes = {
	};
	objectVersion = 56;
	objects = {

/* Begin PBXBuildFile section */
		CE4C2027299598BB00A4C415 /* SDKgenerateXCFramework.xcframework in Frameworks */ = {isa = PBXBuildFile; fileRef = CE4C20222995977300A4C415 /* SDKgenerateXCFramework.xcframework */; };
		CE4C2028299598BB00A4C415 /* SDKgenerateXCFramework.xcframework in Embed Frameworks */ = {isa = PBXBuildFile; fileRef = CE4C20222995977300A4C415 /* SDKgenerateXCFramework.xcframework */; settings = {ATTRIBUTES = (CodeSignOnCopy, RemoveHeadersOnCopy, ); }; };
		CEAA5E17296780F000049358 /* AppDelegate.swift in Sources */ = {isa = PBXBuildFile; fileRef = CEAA5E16296780F000049358 /* AppDelegate.swift */; };
		CEAA5E20296780F300049358 /* Assets.xcassets in Resources */ = {isa = PBXBuildFile; fileRef = CEAA5E1F296780F300049358 /* Assets.xcassets */; };
		CEAA5E23296780F300049358 /* LaunchScreen.storyboard in Resources */ = {isa = PBXBuildFile; fileRef = CEAA5E21296780F300049358 /* LaunchScreen.storyboard */; };
		CEAA5E3329678B9400049358 /* HomeViewUI.swift in Sources */ = {isa = PBXBuildFile; fileRef = CEAA5E2B29678B9400049358 /* HomeViewUI.swift */; };
		CEAA5E3429678B9400049358 /* HomePresenter.swift in Sources */ = {isa = PBXBuildFile; fileRef = CEAA5E2C29678B9400049358 /* HomePresenter.swift */; };
		CEAA5E3529678B9400049358 /* HomeRouter.swift in Sources */ = {isa = PBXBuildFile; fileRef = CEAA5E2D29678B9400049358 /* HomeRouter.swift */; };
		CEAA5E3629678B9400049358 /* HomeProtocols.swift in Sources */ = {isa = PBXBuildFile; fileRef = CEAA5E2E29678B9400049358 /* HomeProtocols.swift */; };
		CEAA5E3729678B9400049358 /* HomeMain.swift in Sources */ = {isa = PBXBuildFile; fileRef = CEAA5E2F29678B9400049358 /* HomeMain.swift */; };
		CEAA5E3929678B9400049358 /* HomeView.swift in Sources */ = {isa = PBXBuildFile; fileRef = CEAA5E3129678B9400049358 /* HomeView.swift */; };
		CEAA5E3C29678E0500049358 /* MainListTableViewCell.swift in Sources */ = {isa = PBXBuildFile; fileRef = CEAA5E3B29678E0500049358 /* MainListTableViewCell.swift */; };
		CEAA5E4A2967AAC700049358 /* AppDelegateViewUI.swift in Sources */ = {isa = PBXBuildFile; fileRef = CEAA5E422967AAC700049358 /* AppDelegateViewUI.swift */; };
		CEAA5E4B2967AAC700049358 /* AppDelegatePresenter.swift in Sources */ = {isa = PBXBuildFile; fileRef = CEAA5E432967AAC700049358 /* AppDelegatePresenter.swift */; };
		CEAA5E4C2967AAC700049358 /* AppDelegateRouter.swift in Sources */ = {isa = PBXBuildFile; fileRef = CEAA5E442967AAC700049358 /* AppDelegateRouter.swift */; };
		CEAA5E4D2967AAC700049358 /* AppDelegateProtocols.swift in Sources */ = {isa = PBXBuildFile; fileRef = CEAA5E452967AAC700049358 /* AppDelegateProtocols.swift */; };
		CEAA5E4E2967AAC700049358 /* AppDelegateMain.swift in Sources */ = {isa = PBXBuildFile; fileRef = CEAA5E462967AAC700049358 /* AppDelegateMain.swift */; };
		CEAA5E4F2967AAC700049358 /* AppDelegateInteractor.swift in Sources */ = {isa = PBXBuildFile; fileRef = CEAA5E472967AAC700049358 /* AppDelegateInteractor.swift */; };
		CEAA5E502967AAC700049358 /* AppDelegateView.swift in Sources */ = {isa = PBXBuildFile; fileRef = CEAA5E482967AAC700049358 /* AppDelegateView.swift */; };
		CEAA5E512967AAC700049358 /* AppDelegateEntity.swift in Sources */ = {isa = PBXBuildFile; fileRef = CEAA5E492967AAC700049358 /* AppDelegateEntity.swift */; };
		CEAA5E5D2968727000049358 /* ScrollViewUI.swift in Sources */ = {isa = PBXBuildFile; fileRef = CEAA5E552968727000049358 /* ScrollViewUI.swift */; };
		CEAA5E5E2968727000049358 /* ScrollPresenter.swift in Sources */ = {isa = PBXBuildFile; fileRef = CEAA5E562968727000049358 /* ScrollPresenter.swift */; };
		CEAA5E5F2968727000049358 /* ScrollRouter.swift in Sources */ = {isa = PBXBuildFile; fileRef = CEAA5E572968727000049358 /* ScrollRouter.swift */; };
		CEAA5E602968727000049358 /* ScrollProtocols.swift in Sources */ = {isa = PBXBuildFile; fileRef = CEAA5E582968727000049358 /* ScrollProtocols.swift */; };
		CEAA5E612968727000049358 /* ScrollMain.swift in Sources */ = {isa = PBXBuildFile; fileRef = CEAA5E592968727000049358 /* ScrollMain.swift */; };
		CEAA5E622968727000049358 /* ScrollInteractor.swift in Sources */ = {isa = PBXBuildFile; fileRef = CEAA5E5A2968727000049358 /* ScrollInteractor.swift */; };
		CEAA5E632968727000049358 /* ScrollView.swift in Sources */ = {isa = PBXBuildFile; fileRef = CEAA5E5B2968727000049358 /* ScrollView.swift */; };
		CEAA5E642968727000049358 /* ScrollEntity.swift in Sources */ = {isa = PBXBuildFile; fileRef = CEAA5E5C2968727000049358 /* ScrollEntity.swift */; };
		CEAA5E6E29687B2100049358 /* ConstrainsViewUI.swift in Sources */ = {isa = PBXBuildFile; fileRef = CEAA5E6629687B2100049358 /* ConstrainsViewUI.swift */; };
		CEAA5E6F29687B2100049358 /* ConstrainsPresenter.swift in Sources */ = {isa = PBXBuildFile; fileRef = CEAA5E6729687B2100049358 /* ConstrainsPresenter.swift */; };
		CEAA5E7029687B2100049358 /* ConstrainsRouter.swift in Sources */ = {isa = PBXBuildFile; fileRef = CEAA5E6829687B2100049358 /* ConstrainsRouter.swift */; };
		CEAA5E7129687B2100049358 /* ConstrainsProtocols.swift in Sources */ = {isa = PBXBuildFile; fileRef = CEAA5E6929687B2100049358 /* ConstrainsProtocols.swift */; };
		CEAA5E7229687B2100049358 /* ConstrainsMain.swift in Sources */ = {isa = PBXBuildFile; fileRef = CEAA5E6A29687B2100049358 /* ConstrainsMain.swift */; };
		CEAA5E7329687B2100049358 /* ConstrainsInteractor.swift in Sources */ = {isa = PBXBuildFile; fileRef = CEAA5E6B29687B2100049358 /* ConstrainsInteractor.swift */; };
		CEAA5E7429687B2100049358 /* ConstrainsView.swift in Sources */ = {isa = PBXBuildFile; fileRef = CEAA5E6C29687B2100049358 /* ConstrainsView.swift */; };
		CEAA5E7529687B2100049358 /* ConstrainsEntity.swift in Sources */ = {isa = PBXBuildFile; fileRef = CEAA5E6D29687B2100049358 /* ConstrainsEntity.swift */; };
		CEAA5E902968849100049358 /* ControllersViewUI.swift in Sources */ = {isa = PBXBuildFile; fileRef = CEAA5E882968849100049358 /* ControllersViewUI.swift */; };
		CEAA5E912968849100049358 /* ControllersPresenter.swift in Sources */ = {isa = PBXBuildFile; fileRef = CEAA5E892968849100049358 /* ControllersPresenter.swift */; };
		CEAA5E922968849100049358 /* ControllersRouter.swift in Sources */ = {isa = PBXBuildFile; fileRef = CEAA5E8A2968849100049358 /* ControllersRouter.swift */; };
		CEAA5E932968849100049358 /* ControllersProtocols.swift in Sources */ = {isa = PBXBuildFile; fileRef = CEAA5E8B2968849100049358 /* ControllersProtocols.swift */; };
		CEAA5E942968849100049358 /* ControllersMain.swift in Sources */ = {isa = PBXBuildFile; fileRef = CEAA5E8C2968849100049358 /* ControllersMain.swift */; };
		CEAA5E952968849100049358 /* ControllersInteractor.swift in Sources */ = {isa = PBXBuildFile; fileRef = CEAA5E8D2968849100049358 /* ControllersInteractor.swift */; };
		CEAA5E962968849100049358 /* ControllersView.swift in Sources */ = {isa = PBXBuildFile; fileRef = CEAA5E8E2968849100049358 /* ControllersView.swift */; };
		CEAA5E972968849100049358 /* ControllersEntity.swift in Sources */ = {isa = PBXBuildFile; fileRef = CEAA5E8F2968849100049358 /* ControllersEntity.swift */; };
		CEAA5EB12968B30D00049358 /* InteractiveControlsViewUI.swift in Sources */ = {isa = PBXBuildFile; fileRef = CEAA5EA92968B30C00049358 /* InteractiveControlsViewUI.swift */; };
		CEAA5EB22968B30D00049358 /* InteractiveControlsPresenter.swift in Sources */ = {isa = PBXBuildFile; fileRef = CEAA5EAA2968B30D00049358 /* InteractiveControlsPresenter.swift */; };
		CEAA5EB32968B30D00049358 /* InteractiveControlsRouter.swift in Sources */ = {isa = PBXBuildFile; fileRef = CEAA5EAB2968B30D00049358 /* InteractiveControlsRouter.swift */; };
		CEAA5EB42968B30D00049358 /* InteractiveControlsProtocols.swift in Sources */ = {isa = PBXBuildFile; fileRef = CEAA5EAC2968B30D00049358 /* InteractiveControlsProtocols.swift */; };
		CEAA5EB52968B30D00049358 /* InteractiveControlsMain.swift in Sources */ = {isa = PBXBuildFile; fileRef = CEAA5EAD2968B30D00049358 /* InteractiveControlsMain.swift */; };
		CEAA5EB62968B30D00049358 /* InteractiveControlsInteractor.swift in Sources */ = {isa = PBXBuildFile; fileRef = CEAA5EAE2968B30D00049358 /* InteractiveControlsInteractor.swift */; };
		CEAA5EB72968B30D00049358 /* InteractiveControlsView.swift in Sources */ = {isa = PBXBuildFile; fileRef = CEAA5EAF2968B30D00049358 /* InteractiveControlsView.swift */; };
		CEAA5EB82968B30D00049358 /* InteractiveControlsEntity.swift in Sources */ = {isa = PBXBuildFile; fileRef = CEAA5EB02968B30D00049358 /* InteractiveControlsEntity.swift */; };
		CEC2FC93296CA6FB00CD09B5 /* ProtocolsViewUI.swift in Sources */ = {isa = PBXBuildFile; fileRef = CEC2FC8B296CA6FB00CD09B5 /* ProtocolsViewUI.swift */; };
		CEC2FC94296CA6FB00CD09B5 /* ProtocolsPresenter.swift in Sources */ = {isa = PBXBuildFile; fileRef = CEC2FC8C296CA6FB00CD09B5 /* ProtocolsPresenter.swift */; };
		CEC2FC95296CA6FB00CD09B5 /* ProtocolsRouter.swift in Sources */ = {isa = PBXBuildFile; fileRef = CEC2FC8D296CA6FB00CD09B5 /* ProtocolsRouter.swift */; };
		CEC2FC96296CA6FB00CD09B5 /* ProtocolsProtocols.swift in Sources */ = {isa = PBXBuildFile; fileRef = CEC2FC8E296CA6FB00CD09B5 /* ProtocolsProtocols.swift */; };
		CEC2FC97296CA6FB00CD09B5 /* ProtocolsMain.swift in Sources */ = {isa = PBXBuildFile; fileRef = CEC2FC8F296CA6FB00CD09B5 /* ProtocolsMain.swift */; };
		CEC2FC98296CA6FB00CD09B5 /* ProtocolsInteractor.swift in Sources */ = {isa = PBXBuildFile; fileRef = CEC2FC90296CA6FB00CD09B5 /* ProtocolsInteractor.swift */; };
		CEC2FC99296CA6FB00CD09B5 /* ProtocolsView.swift in Sources */ = {isa = PBXBuildFile; fileRef = CEC2FC91296CA6FB00CD09B5 /* ProtocolsView.swift */; };
		CEC2FC9A296CA6FB00CD09B5 /* ProtocolsEntity.swift in Sources */ = {isa = PBXBuildFile; fileRef = CEC2FC92296CA6FB00CD09B5 /* ProtocolsEntity.swift */; };
		CEC2FCA4296CD21A00CD09B5 /* AttributesViewUI.swift in Sources */ = {isa = PBXBuildFile; fileRef = CEC2FC9C296CD21A00CD09B5 /* AttributesViewUI.swift */; };
		CEC2FCA5296CD21A00CD09B5 /* AttributesPresenter.swift in Sources */ = {isa = PBXBuildFile; fileRef = CEC2FC9D296CD21A00CD09B5 /* AttributesPresenter.swift */; };
		CEC2FCA6296CD21A00CD09B5 /* AttributesRouter.swift in Sources */ = {isa = PBXBuildFile; fileRef = CEC2FC9E296CD21A00CD09B5 /* AttributesRouter.swift */; };
		CEC2FCA7296CD21A00CD09B5 /* AttributesProtocols.swift in Sources */ = {isa = PBXBuildFile; fileRef = CEC2FC9F296CD21A00CD09B5 /* AttributesProtocols.swift */; };
		CEC2FCA8296CD21A00CD09B5 /* AttributesMain.swift in Sources */ = {isa = PBXBuildFile; fileRef = CEC2FCA0296CD21A00CD09B5 /* AttributesMain.swift */; };
		CEC2FCA9296CD21A00CD09B5 /* AttributesInteractor.swift in Sources */ = {isa = PBXBuildFile; fileRef = CEC2FCA1296CD21A00CD09B5 /* AttributesInteractor.swift */; };
		CEC2FCAA296CD21A00CD09B5 /* AttributesView.swift in Sources */ = {isa = PBXBuildFile; fileRef = CEC2FCA2296CD21A00CD09B5 /* AttributesView.swift */; };
		CEC2FCAB296CD21A00CD09B5 /* AttributesEntity.swift in Sources */ = {isa = PBXBuildFile; fileRef = CEC2FCA3296CD21A00CD09B5 /* AttributesEntity.swift */; };
		CEC2FCB5296CE29600CD09B5 /* TablesViewUI.swift in Sources */ = {isa = PBXBuildFile; fileRef = CEC2FCAD296CE29600CD09B5 /* TablesViewUI.swift */; };
		CEC2FCB6296CE29600CD09B5 /* TablesPresenter.swift in Sources */ = {isa = PBXBuildFile; fileRef = CEC2FCAE296CE29600CD09B5 /* TablesPresenter.swift */; };
		CEC2FCB7296CE29600CD09B5 /* TablesRouter.swift in Sources */ = {isa = PBXBuildFile; fileRef = CEC2FCAF296CE29600CD09B5 /* TablesRouter.swift */; };
		CEC2FCB8296CE29600CD09B5 /* TablesProtocols.swift in Sources */ = {isa = PBXBuildFile; fileRef = CEC2FCB0296CE29600CD09B5 /* TablesProtocols.swift */; };
		CEC2FCB9296CE29600CD09B5 /* TablesMain.swift in Sources */ = {isa = PBXBuildFile; fileRef = CEC2FCB1296CE29600CD09B5 /* TablesMain.swift */; };
		CEC2FCBA296CE29600CD09B5 /* TablesInteractor.swift in Sources */ = {isa = PBXBuildFile; fileRef = CEC2FCB2296CE29600CD09B5 /* TablesInteractor.swift */; };
		CEC2FCBB296CE29600CD09B5 /* TablesView.swift in Sources */ = {isa = PBXBuildFile; fileRef = CEC2FCB3296CE29600CD09B5 /* TablesView.swift */; };
		CEC2FCBC296CE29600CD09B5 /* TablesEntity.swift in Sources */ = {isa = PBXBuildFile; fileRef = CEC2FCB4296CE29600CD09B5 /* TablesEntity.swift */; };
		CEC2FCBE296CE4BB00CD09B5 /* exampleTableViewCell.swift in Sources */ = {isa = PBXBuildFile; fileRef = CEC2FCBD296CE4BB00CD09B5 /* exampleTableViewCell.swift */; };
		CEC2FCC8296CEE5200CD09B5 /* CollectionsViewUI.swift in Sources */ = {isa = PBXBuildFile; fileRef = CEC2FCC0296CEE5200CD09B5 /* CollectionsViewUI.swift */; };
		CEC2FCC9296CEE5200CD09B5 /* CollectionsPresenter.swift in Sources */ = {isa = PBXBuildFile; fileRef = CEC2FCC1296CEE5200CD09B5 /* CollectionsPresenter.swift */; };
		CEC2FCCA296CEE5200CD09B5 /* CollectionsRouter.swift in Sources */ = {isa = PBXBuildFile; fileRef = CEC2FCC2296CEE5200CD09B5 /* CollectionsRouter.swift */; };
		CEC2FCCB296CEE5200CD09B5 /* CollectionsProtocols.swift in Sources */ = {isa = PBXBuildFile; fileRef = CEC2FCC3296CEE5200CD09B5 /* CollectionsProtocols.swift */; };
		CEC2FCCC296CEE5200CD09B5 /* CollectionsMain.swift in Sources */ = {isa = PBXBuildFile; fileRef = CEC2FCC4296CEE5200CD09B5 /* CollectionsMain.swift */; };
		CEC2FCCD296CEE5200CD09B5 /* CollectionsInteractor.swift in Sources */ = {isa = PBXBuildFile; fileRef = CEC2FCC5296CEE5200CD09B5 /* CollectionsInteractor.swift */; };
		CEC2FCCE296CEE5200CD09B5 /* CollectionsView.swift in Sources */ = {isa = PBXBuildFile; fileRef = CEC2FCC6296CEE5200CD09B5 /* CollectionsView.swift */; };
		CEC2FCCF296CEE5200CD09B5 /* CollectionsEntity.swift in Sources */ = {isa = PBXBuildFile; fileRef = CEC2FCC7296CEE5200CD09B5 /* CollectionsEntity.swift */; };
		CEC2FCD1296CEF9E00CD09B5 /* exampleCollectionCell.swift in Sources */ = {isa = PBXBuildFile; fileRef = CEC2FCD0296CEF9E00CD09B5 /* exampleCollectionCell.swift */; };
		CEC2FCDB296CF93C00CD09B5 /* DeclarationsViewUI.swift in Sources */ = {isa = PBXBuildFile; fileRef = CEC2FCD3296CF93C00CD09B5 /* DeclarationsViewUI.swift */; };
		CEC2FCDC296CF93C00CD09B5 /* DeclarationsPresenter.swift in Sources */ = {isa = PBXBuildFile; fileRef = CEC2FCD4296CF93C00CD09B5 /* DeclarationsPresenter.swift */; };
		CEC2FCDD296CF93C00CD09B5 /* DeclarationsRouter.swift in Sources */ = {isa = PBXBuildFile; fileRef = CEC2FCD5296CF93C00CD09B5 /* DeclarationsRouter.swift */; };
		CEC2FCDE296CF93C00CD09B5 /* DeclarationsProtocols.swift in Sources */ = {isa = PBXBuildFile; fileRef = CEC2FCD6296CF93C00CD09B5 /* DeclarationsProtocols.swift */; };
		CEC2FCDF296CF93C00CD09B5 /* DeclarationsMain.swift in Sources */ = {isa = PBXBuildFile; fileRef = CEC2FCD7296CF93C00CD09B5 /* DeclarationsMain.swift */; };
		CEC2FCE0296CF93C00CD09B5 /* DeclarationsInteractor.swift in Sources */ = {isa = PBXBuildFile; fileRef = CEC2FCD8296CF93C00CD09B5 /* DeclarationsInteractor.swift */; };
		CEC2FCE1296CF93C00CD09B5 /* DeclarationsView.swift in Sources */ = {isa = PBXBuildFile; fileRef = CEC2FCD9296CF93C00CD09B5 /* DeclarationsView.swift */; };
		CEC2FCE2296CF93C00CD09B5 /* DeclarationsEntity.swift in Sources */ = {isa = PBXBuildFile; fileRef = CEC2FCDA296CF93C00CD09B5 /* DeclarationsEntity.swift */; };
		CECC91192979F76E00DE4F4A /* ClousuresViewUI.swift in Sources */ = {isa = PBXBuildFile; fileRef = CECC91112979F76E00DE4F4A /* ClousuresViewUI.swift */; };
		CECC911A2979F76E00DE4F4A /* ClousuresPresenter.swift in Sources */ = {isa = PBXBuildFile; fileRef = CECC91122979F76E00DE4F4A /* ClousuresPresenter.swift */; };
		CECC911B2979F76E00DE4F4A /* ClousuresRouter.swift in Sources */ = {isa = PBXBuildFile; fileRef = CECC91132979F76E00DE4F4A /* ClousuresRouter.swift */; };
		CECC911C2979F76E00DE4F4A /* ClousuresProtocols.swift in Sources */ = {isa = PBXBuildFile; fileRef = CECC91142979F76E00DE4F4A /* ClousuresProtocols.swift */; };
		CECC911D2979F76E00DE4F4A /* ClousuresMain.swift in Sources */ = {isa = PBXBuildFile; fileRef = CECC91152979F76E00DE4F4A /* ClousuresMain.swift */; };
		CECC911E2979F76E00DE4F4A /* ClousuresInteractor.swift in Sources */ = {isa = PBXBuildFile; fileRef = CECC91162979F76E00DE4F4A /* ClousuresInteractor.swift */; };
		CECC911F2979F76E00DE4F4A /* ClousuresView.swift in Sources */ = {isa = PBXBuildFile; fileRef = CECC91172979F76E00DE4F4A /* ClousuresView.swift */; };
		CECC91202979F76E00DE4F4A /* ClousuresEntity.swift in Sources */ = {isa = PBXBuildFile; fileRef = CECC91182979F76E00DE4F4A /* ClousuresEntity.swift */; };
		CECC912A297A02A700DE4F4A /* ExampleClosureViewUI.swift in Sources */ = {isa = PBXBuildFile; fileRef = CECC9122297A02A700DE4F4A /* ExampleClosureViewUI.swift */; };
		CECC912B297A02A700DE4F4A /* ExampleClosurePresenter.swift in Sources */ = {isa = PBXBuildFile; fileRef = CECC9123297A02A700DE4F4A /* ExampleClosurePresenter.swift */; };
		CECC912C297A02A700DE4F4A /* ExampleClosureRouter.swift in Sources */ = {isa = PBXBuildFile; fileRef = CECC9124297A02A700DE4F4A /* ExampleClosureRouter.swift */; };
		CECC912D297A02A700DE4F4A /* ExampleClosureProtocols.swift in Sources */ = {isa = PBXBuildFile; fileRef = CECC9125297A02A700DE4F4A /* ExampleClosureProtocols.swift */; };
		CECC912E297A02A700DE4F4A /* ExampleClosureMain.swift in Sources */ = {isa = PBXBuildFile; fileRef = CECC9126297A02A700DE4F4A /* ExampleClosureMain.swift */; };
		CECC912F297A02A700DE4F4A /* ExampleClosureInteractor.swift in Sources */ = {isa = PBXBuildFile; fileRef = CECC9127297A02A700DE4F4A /* ExampleClosureInteractor.swift */; };
		CECC9130297A02A700DE4F4A /* ExampleClosureView.swift in Sources */ = {isa = PBXBuildFile; fileRef = CECC9128297A02A700DE4F4A /* ExampleClosureView.swift */; };
		CECC9131297A02A700DE4F4A /* ExampleClosureEntity.swift in Sources */ = {isa = PBXBuildFile; fileRef = CECC9129297A02A700DE4F4A /* ExampleClosureEntity.swift */; };
		CEDB51D52977315B00CE1A13 /* SecondApiViewUI.swift in Sources */ = {isa = PBXBuildFile; fileRef = CEDB51CD2977315B00CE1A13 /* SecondApiViewUI.swift */; };
		CEDB51D62977315B00CE1A13 /* SecondApiPresenter.swift in Sources */ = {isa = PBXBuildFile; fileRef = CEDB51CE2977315B00CE1A13 /* SecondApiPresenter.swift */; };
		CEDB51D72977315B00CE1A13 /* SecondApiRouter.swift in Sources */ = {isa = PBXBuildFile; fileRef = CEDB51CF2977315B00CE1A13 /* SecondApiRouter.swift */; };
		CEDB51D82977315B00CE1A13 /* SecondApiProtocols.swift in Sources */ = {isa = PBXBuildFile; fileRef = CEDB51D02977315B00CE1A13 /* SecondApiProtocols.swift */; };
		CEDB51D92977315B00CE1A13 /* SecondApiMain.swift in Sources */ = {isa = PBXBuildFile; fileRef = CEDB51D12977315B00CE1A13 /* SecondApiMain.swift */; };
		CEDB51DA2977315B00CE1A13 /* SecondApiInteractor.swift in Sources */ = {isa = PBXBuildFile; fileRef = CEDB51D22977315B00CE1A13 /* SecondApiInteractor.swift */; };
		CEDB51DB2977315B00CE1A13 /* SecondApiView.swift in Sources */ = {isa = PBXBuildFile; fileRef = CEDB51D32977315B00CE1A13 /* SecondApiView.swift */; };
		CEDB51DC2977315B00CE1A13 /* SecondApiEntity.swift in Sources */ = {isa = PBXBuildFile; fileRef = CEDB51D42977315B00CE1A13 /* SecondApiEntity.swift */; };
		CEDB51E529774AFD00CE1A13 /* SavedInfoViewUI.swift in Sources */ = {isa = PBXBuildFile; fileRef = CEDB51DD29774AFD00CE1A13 /* SavedInfoViewUI.swift */; };
		CEDB51E629774AFD00CE1A13 /* SavedInfoPresenter.swift in Sources */ = {isa = PBXBuildFile; fileRef = CEDB51DE29774AFD00CE1A13 /* SavedInfoPresenter.swift */; };
		CEDB51E729774AFD00CE1A13 /* SavedInfoRouter.swift in Sources */ = {isa = PBXBuildFile; fileRef = CEDB51DF29774AFD00CE1A13 /* SavedInfoRouter.swift */; };
		CEDB51E829774AFD00CE1A13 /* SavedInfoProtocols.swift in Sources */ = {isa = PBXBuildFile; fileRef = CEDB51E029774AFD00CE1A13 /* SavedInfoProtocols.swift */; };
		CEDB51E929774AFD00CE1A13 /* SavedInfoMain.swift in Sources */ = {isa = PBXBuildFile; fileRef = CEDB51E129774AFD00CE1A13 /* SavedInfoMain.swift */; };
		CEDB51EA29774AFD00CE1A13 /* SavedInfoInteractor.swift in Sources */ = {isa = PBXBuildFile; fileRef = CEDB51E229774AFD00CE1A13 /* SavedInfoInteractor.swift */; };
		CEDB51EB29774AFD00CE1A13 /* SavedInfoView.swift in Sources */ = {isa = PBXBuildFile; fileRef = CEDB51E329774AFD00CE1A13 /* SavedInfoView.swift */; };
		CEDB51EC29774AFD00CE1A13 /* SavedInfoEntity.swift in Sources */ = {isa = PBXBuildFile; fileRef = CEDB51E429774AFD00CE1A13 /* SavedInfoEntity.swift */; };
		CEE19C722976115C002EB462 /* APISViewUI.swift in Sources */ = {isa = PBXBuildFile; fileRef = CEE19C6A2976115C002EB462 /* APISViewUI.swift */; };
		CEE19C732976115C002EB462 /* APISPresenter.swift in Sources */ = {isa = PBXBuildFile; fileRef = CEE19C6B2976115C002EB462 /* APISPresenter.swift */; };
		CEE19C742976115C002EB462 /* APISRouter.swift in Sources */ = {isa = PBXBuildFile; fileRef = CEE19C6C2976115C002EB462 /* APISRouter.swift */; };
		CEE19C752976115C002EB462 /* APISProtocols.swift in Sources */ = {isa = PBXBuildFile; fileRef = CEE19C6D2976115C002EB462 /* APISProtocols.swift */; };
		CEE19C762976115C002EB462 /* APISMain.swift in Sources */ = {isa = PBXBuildFile; fileRef = CEE19C6E2976115C002EB462 /* APISMain.swift */; };
		CEE19C772976115C002EB462 /* APISInteractor.swift in Sources */ = {isa = PBXBuildFile; fileRef = CEE19C6F2976115C002EB462 /* APISInteractor.swift */; };
		CEE19C782976115C002EB462 /* APISView.swift in Sources */ = {isa = PBXBuildFile; fileRef = CEE19C702976115C002EB462 /* APISView.swift */; };
		CEE19C792976115C002EB462 /* APISEntity.swift in Sources */ = {isa = PBXBuildFile; fileRef = CEE19C712976115C002EB462 /* APISEntity.swift */; };
/* End PBXBuildFile section */

/* Begin PBXCopyFilesBuildPhase section */
		CE4C2029299598BB00A4C415 /* Embed Frameworks */ = {
			isa = PBXCopyFilesBuildPhase;
			buildActionMask = 2147483647;
			dstPath = "";
			dstSubfolderSpec = 10;
			files = (
				CE4C2028299598BB00A4C415 /* SDKgenerateXCFramework.xcframework in Embed Frameworks */,
			);
			name = "Embed Frameworks";
			runOnlyForDeploymentPostprocessing = 0;
		};
/* End PBXCopyFilesBuildPhase section */

/* Begin PBXFileReference section */
		CE4C20222995977300A4C415 /* SDKgenerateXCFramework.xcframework */ = {isa = PBXFileReference; lastKnownFileType = wrapper.xcframework; path = SDKgenerateXCFramework.xcframework; sourceTree = "<group>"; };
		CEAA5E13296780F000049358 /* generalDictionary.app */ = {isa = PBXFileReference; explicitFileType = wrapper.application; includeInIndex = 0; path = generalDictionary.app; sourceTree = BUILT_PRODUCTS_DIR; };
		CEAA5E16296780F000049358 /* AppDelegate.swift */ = {isa = PBXFileReference; lastKnownFileType = sourcecode.swift; path = AppDelegate.swift; sourceTree = "<group>"; };
		CEAA5E1F296780F300049358 /* Assets.xcassets */ = {isa = PBXFileReference; lastKnownFileType = folder.assetcatalog; path = Assets.xcassets; sourceTree = "<group>"; };
		CEAA5E22296780F300049358 /* Base */ = {isa = PBXFileReference; lastKnownFileType = file.storyboard; name = Base; path = Base.lproj/LaunchScreen.storyboard; sourceTree = "<group>"; };
		CEAA5E24296780F300049358 /* Info.plist */ = {isa = PBXFileReference; lastKnownFileType = text.plist.xml; path = Info.plist; sourceTree = "<group>"; };
		CEAA5E2B29678B9400049358 /* HomeViewUI.swift */ = {isa = PBXFileReference; lastKnownFileType = sourcecode.swift; path = HomeViewUI.swift; sourceTree = "<group>"; };
		CEAA5E2C29678B9400049358 /* HomePresenter.swift */ = {isa = PBXFileReference; lastKnownFileType = sourcecode.swift; path = HomePresenter.swift; sourceTree = "<group>"; };
		CEAA5E2D29678B9400049358 /* HomeRouter.swift */ = {isa = PBXFileReference; lastKnownFileType = sourcecode.swift; path = HomeRouter.swift; sourceTree = "<group>"; };
		CEAA5E2E29678B9400049358 /* HomeProtocols.swift */ = {isa = PBXFileReference; lastKnownFileType = sourcecode.swift; path = HomeProtocols.swift; sourceTree = "<group>"; };
		CEAA5E2F29678B9400049358 /* HomeMain.swift */ = {isa = PBXFileReference; lastKnownFileType = sourcecode.swift; path = HomeMain.swift; sourceTree = "<group>"; };
		CEAA5E3129678B9400049358 /* HomeView.swift */ = {isa = PBXFileReference; lastKnownFileType = sourcecode.swift; path = HomeView.swift; sourceTree = "<group>"; };
		CEAA5E3B29678E0500049358 /* MainListTableViewCell.swift */ = {isa = PBXFileReference; lastKnownFileType = sourcecode.swift; path = MainListTableViewCell.swift; sourceTree = "<group>"; };
		CEAA5E422967AAC700049358 /* AppDelegateViewUI.swift */ = {isa = PBXFileReference; lastKnownFileType = sourcecode.swift; path = AppDelegateViewUI.swift; sourceTree = "<group>"; };
		CEAA5E432967AAC700049358 /* AppDelegatePresenter.swift */ = {isa = PBXFileReference; lastKnownFileType = sourcecode.swift; path = AppDelegatePresenter.swift; sourceTree = "<group>"; };
		CEAA5E442967AAC700049358 /* AppDelegateRouter.swift */ = {isa = PBXFileReference; lastKnownFileType = sourcecode.swift; path = AppDelegateRouter.swift; sourceTree = "<group>"; };
		CEAA5E452967AAC700049358 /* AppDelegateProtocols.swift */ = {isa = PBXFileReference; lastKnownFileType = sourcecode.swift; path = AppDelegateProtocols.swift; sourceTree = "<group>"; };
		CEAA5E462967AAC700049358 /* AppDelegateMain.swift */ = {isa = PBXFileReference; lastKnownFileType = sourcecode.swift; path = AppDelegateMain.swift; sourceTree = "<group>"; };
		CEAA5E472967AAC700049358 /* AppDelegateInteractor.swift */ = {isa = PBXFileReference; lastKnownFileType = sourcecode.swift; path = AppDelegateInteractor.swift; sourceTree = "<group>"; };
		CEAA5E482967AAC700049358 /* AppDelegateView.swift */ = {isa = PBXFileReference; lastKnownFileType = sourcecode.swift; path = AppDelegateView.swift; sourceTree = "<group>"; };
		CEAA5E492967AAC700049358 /* AppDelegateEntity.swift */ = {isa = PBXFileReference; lastKnownFileType = sourcecode.swift; path = AppDelegateEntity.swift; sourceTree = "<group>"; };
		CEAA5E552968727000049358 /* ScrollViewUI.swift */ = {isa = PBXFileReference; lastKnownFileType = sourcecode.swift; path = ScrollViewUI.swift; sourceTree = "<group>"; };
		CEAA5E562968727000049358 /* ScrollPresenter.swift */ = {isa = PBXFileReference; lastKnownFileType = sourcecode.swift; path = ScrollPresenter.swift; sourceTree = "<group>"; };
		CEAA5E572968727000049358 /* ScrollRouter.swift */ = {isa = PBXFileReference; lastKnownFileType = sourcecode.swift; path = ScrollRouter.swift; sourceTree = "<group>"; };
		CEAA5E582968727000049358 /* ScrollProtocols.swift */ = {isa = PBXFileReference; lastKnownFileType = sourcecode.swift; path = ScrollProtocols.swift; sourceTree = "<group>"; };
		CEAA5E592968727000049358 /* ScrollMain.swift */ = {isa = PBXFileReference; lastKnownFileType = sourcecode.swift; path = ScrollMain.swift; sourceTree = "<group>"; };
		CEAA5E5A2968727000049358 /* ScrollInteractor.swift */ = {isa = PBXFileReference; lastKnownFileType = sourcecode.swift; path = ScrollInteractor.swift; sourceTree = "<group>"; };
		CEAA5E5B2968727000049358 /* ScrollView.swift */ = {isa = PBXFileReference; lastKnownFileType = sourcecode.swift; path = ScrollView.swift; sourceTree = "<group>"; };
		CEAA5E5C2968727000049358 /* ScrollEntity.swift */ = {isa = PBXFileReference; lastKnownFileType = sourcecode.swift; path = ScrollEntity.swift; sourceTree = "<group>"; };
		CEAA5E6629687B2100049358 /* ConstrainsViewUI.swift */ = {isa = PBXFileReference; lastKnownFileType = sourcecode.swift; path = ConstrainsViewUI.swift; sourceTree = "<group>"; };
		CEAA5E6729687B2100049358 /* ConstrainsPresenter.swift */ = {isa = PBXFileReference; lastKnownFileType = sourcecode.swift; path = ConstrainsPresenter.swift; sourceTree = "<group>"; };
		CEAA5E6829687B2100049358 /* ConstrainsRouter.swift */ = {isa = PBXFileReference; lastKnownFileType = sourcecode.swift; path = ConstrainsRouter.swift; sourceTree = "<group>"; };
		CEAA5E6929687B2100049358 /* ConstrainsProtocols.swift */ = {isa = PBXFileReference; lastKnownFileType = sourcecode.swift; path = ConstrainsProtocols.swift; sourceTree = "<group>"; };
		CEAA5E6A29687B2100049358 /* ConstrainsMain.swift */ = {isa = PBXFileReference; lastKnownFileType = sourcecode.swift; path = ConstrainsMain.swift; sourceTree = "<group>"; };
		CEAA5E6B29687B2100049358 /* ConstrainsInteractor.swift */ = {isa = PBXFileReference; lastKnownFileType = sourcecode.swift; path = ConstrainsInteractor.swift; sourceTree = "<group>"; };
		CEAA5E6C29687B2100049358 /* ConstrainsView.swift */ = {isa = PBXFileReference; lastKnownFileType = sourcecode.swift; path = ConstrainsView.swift; sourceTree = "<group>"; };
		CEAA5E6D29687B2100049358 /* ConstrainsEntity.swift */ = {isa = PBXFileReference; lastKnownFileType = sourcecode.swift; path = ConstrainsEntity.swift; sourceTree = "<group>"; };
		CEAA5E882968849100049358 /* ControllersViewUI.swift */ = {isa = PBXFileReference; lastKnownFileType = sourcecode.swift; path = ControllersViewUI.swift; sourceTree = "<group>"; };
		CEAA5E892968849100049358 /* ControllersPresenter.swift */ = {isa = PBXFileReference; lastKnownFileType = sourcecode.swift; path = ControllersPresenter.swift; sourceTree = "<group>"; };
		CEAA5E8A2968849100049358 /* ControllersRouter.swift */ = {isa = PBXFileReference; lastKnownFileType = sourcecode.swift; path = ControllersRouter.swift; sourceTree = "<group>"; };
		CEAA5E8B2968849100049358 /* ControllersProtocols.swift */ = {isa = PBXFileReference; lastKnownFileType = sourcecode.swift; path = ControllersProtocols.swift; sourceTree = "<group>"; };
		CEAA5E8C2968849100049358 /* ControllersMain.swift */ = {isa = PBXFileReference; lastKnownFileType = sourcecode.swift; path = ControllersMain.swift; sourceTree = "<group>"; };
		CEAA5E8D2968849100049358 /* ControllersInteractor.swift */ = {isa = PBXFileReference; lastKnownFileType = sourcecode.swift; path = ControllersInteractor.swift; sourceTree = "<group>"; };
		CEAA5E8E2968849100049358 /* ControllersView.swift */ = {isa = PBXFileReference; lastKnownFileType = sourcecode.swift; path = ControllersView.swift; sourceTree = "<group>"; };
		CEAA5E8F2968849100049358 /* ControllersEntity.swift */ = {isa = PBXFileReference; lastKnownFileType = sourcecode.swift; path = ControllersEntity.swift; sourceTree = "<group>"; };
		CEAA5EA92968B30C00049358 /* InteractiveControlsViewUI.swift */ = {isa = PBXFileReference; lastKnownFileType = sourcecode.swift; path = InteractiveControlsViewUI.swift; sourceTree = "<group>"; };
		CEAA5EAA2968B30D00049358 /* InteractiveControlsPresenter.swift */ = {isa = PBXFileReference; lastKnownFileType = sourcecode.swift; path = InteractiveControlsPresenter.swift; sourceTree = "<group>"; };
		CEAA5EAB2968B30D00049358 /* InteractiveControlsRouter.swift */ = {isa = PBXFileReference; lastKnownFileType = sourcecode.swift; path = InteractiveControlsRouter.swift; sourceTree = "<group>"; };
		CEAA5EAC2968B30D00049358 /* InteractiveControlsProtocols.swift */ = {isa = PBXFileReference; lastKnownFileType = sourcecode.swift; path = InteractiveControlsProtocols.swift; sourceTree = "<group>"; };
		CEAA5EAD2968B30D00049358 /* InteractiveControlsMain.swift */ = {isa = PBXFileReference; lastKnownFileType = sourcecode.swift; path = InteractiveControlsMain.swift; sourceTree = "<group>"; };
		CEAA5EAE2968B30D00049358 /* InteractiveControlsInteractor.swift */ = {isa = PBXFileReference; lastKnownFileType = sourcecode.swift; path = InteractiveControlsInteractor.swift; sourceTree = "<group>"; };
		CEAA5EAF2968B30D00049358 /* InteractiveControlsView.swift */ = {isa = PBXFileReference; lastKnownFileType = sourcecode.swift; path = InteractiveControlsView.swift; sourceTree = "<group>"; };
		CEAA5EB02968B30D00049358 /* InteractiveControlsEntity.swift */ = {isa = PBXFileReference; lastKnownFileType = sourcecode.swift; path = InteractiveControlsEntity.swift; sourceTree = "<group>"; };
		CEC2FC8B296CA6FB00CD09B5 /* ProtocolsViewUI.swift */ = {isa = PBXFileReference; lastKnownFileType = sourcecode.swift; path = ProtocolsViewUI.swift; sourceTree = "<group>"; };
		CEC2FC8C296CA6FB00CD09B5 /* ProtocolsPresenter.swift */ = {isa = PBXFileReference; lastKnownFileType = sourcecode.swift; path = ProtocolsPresenter.swift; sourceTree = "<group>"; };
		CEC2FC8D296CA6FB00CD09B5 /* ProtocolsRouter.swift */ = {isa = PBXFileReference; lastKnownFileType = sourcecode.swift; path = ProtocolsRouter.swift; sourceTree = "<group>"; };
		CEC2FC8E296CA6FB00CD09B5 /* ProtocolsProtocols.swift */ = {isa = PBXFileReference; lastKnownFileType = sourcecode.swift; path = ProtocolsProtocols.swift; sourceTree = "<group>"; };
		CEC2FC8F296CA6FB00CD09B5 /* ProtocolsMain.swift */ = {isa = PBXFileReference; lastKnownFileType = sourcecode.swift; path = ProtocolsMain.swift; sourceTree = "<group>"; };
		CEC2FC90296CA6FB00CD09B5 /* ProtocolsInteractor.swift */ = {isa = PBXFileReference; lastKnownFileType = sourcecode.swift; path = ProtocolsInteractor.swift; sourceTree = "<group>"; };
		CEC2FC91296CA6FB00CD09B5 /* ProtocolsView.swift */ = {isa = PBXFileReference; lastKnownFileType = sourcecode.swift; path = ProtocolsView.swift; sourceTree = "<group>"; };
		CEC2FC92296CA6FB00CD09B5 /* ProtocolsEntity.swift */ = {isa = PBXFileReference; lastKnownFileType = sourcecode.swift; path = ProtocolsEntity.swift; sourceTree = "<group>"; };
		CEC2FC9C296CD21A00CD09B5 /* AttributesViewUI.swift */ = {isa = PBXFileReference; lastKnownFileType = sourcecode.swift; path = AttributesViewUI.swift; sourceTree = "<group>"; };
		CEC2FC9D296CD21A00CD09B5 /* AttributesPresenter.swift */ = {isa = PBXFileReference; lastKnownFileType = sourcecode.swift; path = AttributesPresenter.swift; sourceTree = "<group>"; };
		CEC2FC9E296CD21A00CD09B5 /* AttributesRouter.swift */ = {isa = PBXFileReference; lastKnownFileType = sourcecode.swift; path = AttributesRouter.swift; sourceTree = "<group>"; };
		CEC2FC9F296CD21A00CD09B5 /* AttributesProtocols.swift */ = {isa = PBXFileReference; lastKnownFileType = sourcecode.swift; path = AttributesProtocols.swift; sourceTree = "<group>"; };
		CEC2FCA0296CD21A00CD09B5 /* AttributesMain.swift */ = {isa = PBXFileReference; lastKnownFileType = sourcecode.swift; path = AttributesMain.swift; sourceTree = "<group>"; };
		CEC2FCA1296CD21A00CD09B5 /* AttributesInteractor.swift */ = {isa = PBXFileReference; lastKnownFileType = sourcecode.swift; path = AttributesInteractor.swift; sourceTree = "<group>"; };
		CEC2FCA2296CD21A00CD09B5 /* AttributesView.swift */ = {isa = PBXFileReference; lastKnownFileType = sourcecode.swift; path = AttributesView.swift; sourceTree = "<group>"; };
		CEC2FCA3296CD21A00CD09B5 /* AttributesEntity.swift */ = {isa = PBXFileReference; lastKnownFileType = sourcecode.swift; path = AttributesEntity.swift; sourceTree = "<group>"; };
		CEC2FCAD296CE29600CD09B5 /* TablesViewUI.swift */ = {isa = PBXFileReference; lastKnownFileType = sourcecode.swift; path = TablesViewUI.swift; sourceTree = "<group>"; };
		CEC2FCAE296CE29600CD09B5 /* TablesPresenter.swift */ = {isa = PBXFileReference; lastKnownFileType = sourcecode.swift; path = TablesPresenter.swift; sourceTree = "<group>"; };
		CEC2FCAF296CE29600CD09B5 /* TablesRouter.swift */ = {isa = PBXFileReference; lastKnownFileType = sourcecode.swift; path = TablesRouter.swift; sourceTree = "<group>"; };
		CEC2FCB0296CE29600CD09B5 /* TablesProtocols.swift */ = {isa = PBXFileReference; lastKnownFileType = sourcecode.swift; path = TablesProtocols.swift; sourceTree = "<group>"; };
		CEC2FCB1296CE29600CD09B5 /* TablesMain.swift */ = {isa = PBXFileReference; lastKnownFileType = sourcecode.swift; path = TablesMain.swift; sourceTree = "<group>"; };
		CEC2FCB2296CE29600CD09B5 /* TablesInteractor.swift */ = {isa = PBXFileReference; lastKnownFileType = sourcecode.swift; path = TablesInteractor.swift; sourceTree = "<group>"; };
		CEC2FCB3296CE29600CD09B5 /* TablesView.swift */ = {isa = PBXFileReference; lastKnownFileType = sourcecode.swift; path = TablesView.swift; sourceTree = "<group>"; };
		CEC2FCB4296CE29600CD09B5 /* TablesEntity.swift */ = {isa = PBXFileReference; lastKnownFileType = sourcecode.swift; path = TablesEntity.swift; sourceTree = "<group>"; };
		CEC2FCBD296CE4BB00CD09B5 /* exampleTableViewCell.swift */ = {isa = PBXFileReference; lastKnownFileType = sourcecode.swift; path = exampleTableViewCell.swift; sourceTree = "<group>"; };
		CEC2FCC0296CEE5200CD09B5 /* CollectionsViewUI.swift */ = {isa = PBXFileReference; lastKnownFileType = sourcecode.swift; path = CollectionsViewUI.swift; sourceTree = "<group>"; };
		CEC2FCC1296CEE5200CD09B5 /* CollectionsPresenter.swift */ = {isa = PBXFileReference; lastKnownFileType = sourcecode.swift; path = CollectionsPresenter.swift; sourceTree = "<group>"; };
		CEC2FCC2296CEE5200CD09B5 /* CollectionsRouter.swift */ = {isa = PBXFileReference; lastKnownFileType = sourcecode.swift; path = CollectionsRouter.swift; sourceTree = "<group>"; };
		CEC2FCC3296CEE5200CD09B5 /* CollectionsProtocols.swift */ = {isa = PBXFileReference; lastKnownFileType = sourcecode.swift; path = CollectionsProtocols.swift; sourceTree = "<group>"; };
		CEC2FCC4296CEE5200CD09B5 /* CollectionsMain.swift */ = {isa = PBXFileReference; lastKnownFileType = sourcecode.swift; path = CollectionsMain.swift; sourceTree = "<group>"; };
		CEC2FCC5296CEE5200CD09B5 /* CollectionsInteractor.swift */ = {isa = PBXFileReference; lastKnownFileType = sourcecode.swift; path = CollectionsInteractor.swift; sourceTree = "<group>"; };
		CEC2FCC6296CEE5200CD09B5 /* CollectionsView.swift */ = {isa = PBXFileReference; lastKnownFileType = sourcecode.swift; path = CollectionsView.swift; sourceTree = "<group>"; };
		CEC2FCC7296CEE5200CD09B5 /* CollectionsEntity.swift */ = {isa = PBXFileReference; lastKnownFileType = sourcecode.swift; path = CollectionsEntity.swift; sourceTree = "<group>"; };
		CEC2FCD0296CEF9E00CD09B5 /* exampleCollectionCell.swift */ = {isa = PBXFileReference; lastKnownFileType = sourcecode.swift; path = exampleCollectionCell.swift; sourceTree = "<group>"; };
		CEC2FCD3296CF93C00CD09B5 /* DeclarationsViewUI.swift */ = {isa = PBXFileReference; lastKnownFileType = sourcecode.swift; path = DeclarationsViewUI.swift; sourceTree = "<group>"; };
		CEC2FCD4296CF93C00CD09B5 /* DeclarationsPresenter.swift */ = {isa = PBXFileReference; lastKnownFileType = sourcecode.swift; path = DeclarationsPresenter.swift; sourceTree = "<group>"; };
		CEC2FCD5296CF93C00CD09B5 /* DeclarationsRouter.swift */ = {isa = PBXFileReference; lastKnownFileType = sourcecode.swift; path = DeclarationsRouter.swift; sourceTree = "<group>"; };
		CEC2FCD6296CF93C00CD09B5 /* DeclarationsProtocols.swift */ = {isa = PBXFileReference; lastKnownFileType = sourcecode.swift; path = DeclarationsProtocols.swift; sourceTree = "<group>"; };
		CEC2FCD7296CF93C00CD09B5 /* DeclarationsMain.swift */ = {isa = PBXFileReference; lastKnownFileType = sourcecode.swift; path = DeclarationsMain.swift; sourceTree = "<group>"; };
		CEC2FCD8296CF93C00CD09B5 /* DeclarationsInteractor.swift */ = {isa = PBXFileReference; lastKnownFileType = sourcecode.swift; path = DeclarationsInteractor.swift; sourceTree = "<group>"; };
		CEC2FCD9296CF93C00CD09B5 /* DeclarationsView.swift */ = {isa = PBXFileReference; lastKnownFileType = sourcecode.swift; path = DeclarationsView.swift; sourceTree = "<group>"; };
		CEC2FCDA296CF93C00CD09B5 /* DeclarationsEntity.swift */ = {isa = PBXFileReference; lastKnownFileType = sourcecode.swift; path = DeclarationsEntity.swift; sourceTree = "<group>"; };
		CECC91112979F76E00DE4F4A /* ClousuresViewUI.swift */ = {isa = PBXFileReference; lastKnownFileType = sourcecode.swift; path = ClousuresViewUI.swift; sourceTree = "<group>"; };
		CECC91122979F76E00DE4F4A /* ClousuresPresenter.swift */ = {isa = PBXFileReference; lastKnownFileType = sourcecode.swift; path = ClousuresPresenter.swift; sourceTree = "<group>"; };
		CECC91132979F76E00DE4F4A /* ClousuresRouter.swift */ = {isa = PBXFileReference; lastKnownFileType = sourcecode.swift; path = ClousuresRouter.swift; sourceTree = "<group>"; };
		CECC91142979F76E00DE4F4A /* ClousuresProtocols.swift */ = {isa = PBXFileReference; lastKnownFileType = sourcecode.swift; path = ClousuresProtocols.swift; sourceTree = "<group>"; };
		CECC91152979F76E00DE4F4A /* ClousuresMain.swift */ = {isa = PBXFileReference; lastKnownFileType = sourcecode.swift; path = ClousuresMain.swift; sourceTree = "<group>"; };
		CECC91162979F76E00DE4F4A /* ClousuresInteractor.swift */ = {isa = PBXFileReference; lastKnownFileType = sourcecode.swift; path = ClousuresInteractor.swift; sourceTree = "<group>"; };
		CECC91172979F76E00DE4F4A /* ClousuresView.swift */ = {isa = PBXFileReference; lastKnownFileType = sourcecode.swift; path = ClousuresView.swift; sourceTree = "<group>"; };
		CECC91182979F76E00DE4F4A /* ClousuresEntity.swift */ = {isa = PBXFileReference; lastKnownFileType = sourcecode.swift; path = ClousuresEntity.swift; sourceTree = "<group>"; };
		CECC9122297A02A700DE4F4A /* ExampleClosureViewUI.swift */ = {isa = PBXFileReference; lastKnownFileType = sourcecode.swift; path = ExampleClosureViewUI.swift; sourceTree = "<group>"; };
		CECC9123297A02A700DE4F4A /* ExampleClosurePresenter.swift */ = {isa = PBXFileReference; lastKnownFileType = sourcecode.swift; path = ExampleClosurePresenter.swift; sourceTree = "<group>"; };
		CECC9124297A02A700DE4F4A /* ExampleClosureRouter.swift */ = {isa = PBXFileReference; lastKnownFileType = sourcecode.swift; path = ExampleClosureRouter.swift; sourceTree = "<group>"; };
		CECC9125297A02A700DE4F4A /* ExampleClosureProtocols.swift */ = {isa = PBXFileReference; lastKnownFileType = sourcecode.swift; path = ExampleClosureProtocols.swift; sourceTree = "<group>"; };
		CECC9126297A02A700DE4F4A /* ExampleClosureMain.swift */ = {isa = PBXFileReference; lastKnownFileType = sourcecode.swift; path = ExampleClosureMain.swift; sourceTree = "<group>"; };
		CECC9127297A02A700DE4F4A /* ExampleClosureInteractor.swift */ = {isa = PBXFileReference; lastKnownFileType = sourcecode.swift; path = ExampleClosureInteractor.swift; sourceTree = "<group>"; };
		CECC9128297A02A700DE4F4A /* ExampleClosureView.swift */ = {isa = PBXFileReference; lastKnownFileType = sourcecode.swift; path = ExampleClosureView.swift; sourceTree = "<group>"; };
		CECC9129297A02A700DE4F4A /* ExampleClosureEntity.swift */ = {isa = PBXFileReference; lastKnownFileType = sourcecode.swift; path = ExampleClosureEntity.swift; sourceTree = "<group>"; };
		CEDB51CD2977315B00CE1A13 /* SecondApiViewUI.swift */ = {isa = PBXFileReference; lastKnownFileType = sourcecode.swift; path = SecondApiViewUI.swift; sourceTree = "<group>"; };
		CEDB51CE2977315B00CE1A13 /* SecondApiPresenter.swift */ = {isa = PBXFileReference; lastKnownFileType = sourcecode.swift; path = SecondApiPresenter.swift; sourceTree = "<group>"; };
		CEDB51CF2977315B00CE1A13 /* SecondApiRouter.swift */ = {isa = PBXFileReference; lastKnownFileType = sourcecode.swift; path = SecondApiRouter.swift; sourceTree = "<group>"; };
		CEDB51D02977315B00CE1A13 /* SecondApiProtocols.swift */ = {isa = PBXFileReference; lastKnownFileType = sourcecode.swift; path = SecondApiProtocols.swift; sourceTree = "<group>"; };
		CEDB51D12977315B00CE1A13 /* SecondApiMain.swift */ = {isa = PBXFileReference; lastKnownFileType = sourcecode.swift; path = SecondApiMain.swift; sourceTree = "<group>"; };
		CEDB51D22977315B00CE1A13 /* SecondApiInteractor.swift */ = {isa = PBXFileReference; lastKnownFileType = sourcecode.swift; path = SecondApiInteractor.swift; sourceTree = "<group>"; };
		CEDB51D32977315B00CE1A13 /* SecondApiView.swift */ = {isa = PBXFileReference; lastKnownFileType = sourcecode.swift; path = SecondApiView.swift; sourceTree = "<group>"; };
		CEDB51D42977315B00CE1A13 /* SecondApiEntity.swift */ = {isa = PBXFileReference; lastKnownFileType = sourcecode.swift; path = SecondApiEntity.swift; sourceTree = "<group>"; };
		CEDB51DD29774AFD00CE1A13 /* SavedInfoViewUI.swift */ = {isa = PBXFileReference; lastKnownFileType = sourcecode.swift; path = SavedInfoViewUI.swift; sourceTree = "<group>"; };
		CEDB51DE29774AFD00CE1A13 /* SavedInfoPresenter.swift */ = {isa = PBXFileReference; lastKnownFileType = sourcecode.swift; path = SavedInfoPresenter.swift; sourceTree = "<group>"; };
		CEDB51DF29774AFD00CE1A13 /* SavedInfoRouter.swift */ = {isa = PBXFileReference; lastKnownFileType = sourcecode.swift; path = SavedInfoRouter.swift; sourceTree = "<group>"; };
		CEDB51E029774AFD00CE1A13 /* SavedInfoProtocols.swift */ = {isa = PBXFileReference; lastKnownFileType = sourcecode.swift; path = SavedInfoProtocols.swift; sourceTree = "<group>"; };
		CEDB51E129774AFD00CE1A13 /* SavedInfoMain.swift */ = {isa = PBXFileReference; lastKnownFileType = sourcecode.swift; path = SavedInfoMain.swift; sourceTree = "<group>"; };
		CEDB51E229774AFD00CE1A13 /* SavedInfoInteractor.swift */ = {isa = PBXFileReference; lastKnownFileType = sourcecode.swift; path = SavedInfoInteractor.swift; sourceTree = "<group>"; };
		CEDB51E329774AFD00CE1A13 /* SavedInfoView.swift */ = {isa = PBXFileReference; lastKnownFileType = sourcecode.swift; path = SavedInfoView.swift; sourceTree = "<group>"; };
		CEDB51E429774AFD00CE1A13 /* SavedInfoEntity.swift */ = {isa = PBXFileReference; lastKnownFileType = sourcecode.swift; path = SavedInfoEntity.swift; sourceTree = "<group>"; };
		CEE19C6A2976115C002EB462 /* APISViewUI.swift */ = {isa = PBXFileReference; lastKnownFileType = sourcecode.swift; path = APISViewUI.swift; sourceTree = "<group>"; };
		CEE19C6B2976115C002EB462 /* APISPresenter.swift */ = {isa = PBXFileReference; lastKnownFileType = sourcecode.swift; path = APISPresenter.swift; sourceTree = "<group>"; };
		CEE19C6C2976115C002EB462 /* APISRouter.swift */ = {isa = PBXFileReference; lastKnownFileType = sourcecode.swift; path = APISRouter.swift; sourceTree = "<group>"; };
		CEE19C6D2976115C002EB462 /* APISProtocols.swift */ = {isa = PBXFileReference; lastKnownFileType = sourcecode.swift; path = APISProtocols.swift; sourceTree = "<group>"; };
		CEE19C6E2976115C002EB462 /* APISMain.swift */ = {isa = PBXFileReference; lastKnownFileType = sourcecode.swift; path = APISMain.swift; sourceTree = "<group>"; };
		CEE19C6F2976115C002EB462 /* APISInteractor.swift */ = {isa = PBXFileReference; lastKnownFileType = sourcecode.swift; path = APISInteractor.swift; sourceTree = "<group>"; };
		CEE19C702976115C002EB462 /* APISView.swift */ = {isa = PBXFileReference; lastKnownFileType = sourcecode.swift; path = APISView.swift; sourceTree = "<group>"; };
		CEE19C712976115C002EB462 /* APISEntity.swift */ = {isa = PBXFileReference; lastKnownFileType = sourcecode.swift; path = APISEntity.swift; sourceTree = "<group>"; };
/* End PBXFileReference section */

/* Begin PBXFrameworksBuildPhase section */
		CEAA5E10296780F000049358 /* Frameworks */ = {
			isa = PBXFrameworksBuildPhase;
			buildActionMask = 2147483647;
			files = (
				CE4C2027299598BB00A4C415 /* SDKgenerateXCFramework.xcframework in Frameworks */,
			);
			runOnlyForDeploymentPostprocessing = 0;
		};
/* End PBXFrameworksBuildPhase section */

/* Begin PBXGroup section */
		CEAA5E0A296780F000049358 = {
			isa = PBXGroup;
			children = (
				CEAA5E15296780F000049358 /* generalDictionary */,
				CEAA5E14296780F000049358 /* Products */,
			);
			sourceTree = "<group>";
		};
		CEAA5E14296780F000049358 /* Products */ = {
			isa = PBXGroup;
			children = (
				CEAA5E13296780F000049358 /* generalDictionary.app */,
			);
			name = Products;
			sourceTree = "<group>";
		};
		CEAA5E15296780F000049358 /* generalDictionary */ = {
			isa = PBXGroup;
			children = (
				CEAA5E2A29678B6D00049358 /* Home */,
				CEAA5E402967AA9800049358 /* Views */,
				CEE19C6929761124002EB462 /* APIS */,
				CEAA5E16296780F000049358 /* AppDelegate.swift */,
				CE4C20222995977300A4C415 /* SDKgenerateXCFramework.xcframework */,
				CEAA5E1F296780F300049358 /* Assets.xcassets */,
				CEAA5E21296780F300049358 /* LaunchScreen.storyboard */,
				CEAA5E24296780F300049358 /* Info.plist */,
			);
			path = generalDictionary;
			sourceTree = "<group>";
		};
		CEAA5E2A29678B6D00049358 /* Home */ = {
			isa = PBXGroup;
			children = (
				CEAA5E2B29678B9400049358 /* HomeViewUI.swift */,
				CEAA5E2C29678B9400049358 /* HomePresenter.swift */,
				CEAA5E2D29678B9400049358 /* HomeRouter.swift */,
				CEAA5E2E29678B9400049358 /* HomeProtocols.swift */,
				CEAA5E2F29678B9400049358 /* HomeMain.swift */,
				CEAA5E3129678B9400049358 /* HomeView.swift */,
				CEAA5E3B29678E0500049358 /* MainListTableViewCell.swift */,
			);
			path = Home;
			sourceTree = "<group>";
		};
		CEAA5E402967AA9800049358 /* Views */ = {
			isa = PBXGroup;
			children = (
				CEAA5E412967AAA900049358 /* AppDelegate */,
				CEC2FCD2296CF92000CD09B5 /* Declarations */,
				CEAA5E872968847F00049358 /* Controllers */,
				CEAA5E6529687B0400049358 /* Constrains */,
				CEAA5E542968720B00049358 /* Scroll */,
				CEAA5E982968B24300049358 /* InteractiveControls */,
				CEC2FC8A296CA6DB00CD09B5 /* Protocols */,
				CEC2FC9B296CD1FA00CD09B5 /* Attributes */,
				CEC2FCAC296CE26B00CD09B5 /* Tables */,
				CEC2FCBF296CEDEA00CD09B5 /* Collections */,
				CEDB51ED29774B0A00CE1A13 /* SavedInfo */,
				CECC91102979F75400DE4F4A /* Clousures */,
			);
			path = Views;
			sourceTree = "<group>";
		};
		CEAA5E412967AAA900049358 /* AppDelegate */ = {
			isa = PBXGroup;
			children = (
				CEAA5E422967AAC700049358 /* AppDelegateViewUI.swift */,
				CEAA5E432967AAC700049358 /* AppDelegatePresenter.swift */,
				CEAA5E442967AAC700049358 /* AppDelegateRouter.swift */,
				CEAA5E452967AAC700049358 /* AppDelegateProtocols.swift */,
				CEAA5E462967AAC700049358 /* AppDelegateMain.swift */,
				CEAA5E472967AAC700049358 /* AppDelegateInteractor.swift */,
				CEAA5E482967AAC700049358 /* AppDelegateView.swift */,
				CEAA5E492967AAC700049358 /* AppDelegateEntity.swift */,
			);
			path = AppDelegate;
			sourceTree = "<group>";
		};
		CEAA5E542968720B00049358 /* Scroll */ = {
			isa = PBXGroup;
			children = (
				CEAA5E552968727000049358 /* ScrollViewUI.swift */,
				CEAA5E562968727000049358 /* ScrollPresenter.swift */,
				CEAA5E572968727000049358 /* ScrollRouter.swift */,
				CEAA5E582968727000049358 /* ScrollProtocols.swift */,
				CEAA5E592968727000049358 /* ScrollMain.swift */,
				CEAA5E5A2968727000049358 /* ScrollInteractor.swift */,
				CEAA5E5B2968727000049358 /* ScrollView.swift */,
				CEAA5E5C2968727000049358 /* ScrollEntity.swift */,
			);
			path = Scroll;
			sourceTree = "<group>";
		};
		CEAA5E6529687B0400049358 /* Constrains */ = {
			isa = PBXGroup;
			children = (
				CEAA5E6629687B2100049358 /* ConstrainsViewUI.swift */,
				CEAA5E6729687B2100049358 /* ConstrainsPresenter.swift */,
				CEAA5E6829687B2100049358 /* ConstrainsRouter.swift */,
				CEAA5E6929687B2100049358 /* ConstrainsProtocols.swift */,
				CEAA5E6A29687B2100049358 /* ConstrainsMain.swift */,
				CEAA5E6B29687B2100049358 /* ConstrainsInteractor.swift */,
				CEAA5E6C29687B2100049358 /* ConstrainsView.swift */,
				CEAA5E6D29687B2100049358 /* ConstrainsEntity.swift */,
			);
			path = Constrains;
			sourceTree = "<group>";
		};
		CEAA5E872968847F00049358 /* Controllers */ = {
			isa = PBXGroup;
			children = (
				CEAA5E882968849100049358 /* ControllersViewUI.swift */,
				CEAA5E892968849100049358 /* ControllersPresenter.swift */,
				CEAA5E8A2968849100049358 /* ControllersRouter.swift */,
				CEAA5E8B2968849100049358 /* ControllersProtocols.swift */,
				CEAA5E8C2968849100049358 /* ControllersMain.swift */,
				CEAA5E8D2968849100049358 /* ControllersInteractor.swift */,
				CEAA5E8E2968849100049358 /* ControllersView.swift */,
				CEAA5E8F2968849100049358 /* ControllersEntity.swift */,
			);
			path = Controllers;
			sourceTree = "<group>";
		};
		CEAA5E982968B24300049358 /* InteractiveControls */ = {
			isa = PBXGroup;
			children = (
				CEAA5EA92968B30C00049358 /* InteractiveControlsViewUI.swift */,
				CEAA5EAA2968B30D00049358 /* InteractiveControlsPresenter.swift */,
				CEAA5EAB2968B30D00049358 /* InteractiveControlsRouter.swift */,
				CEAA5EAC2968B30D00049358 /* InteractiveControlsProtocols.swift */,
				CEAA5EAD2968B30D00049358 /* InteractiveControlsMain.swift */,
				CEAA5EAE2968B30D00049358 /* InteractiveControlsInteractor.swift */,
				CEAA5EAF2968B30D00049358 /* InteractiveControlsView.swift */,
				CEAA5EB02968B30D00049358 /* InteractiveControlsEntity.swift */,
			);
			path = InteractiveControls;
			sourceTree = "<group>";
		};
		CEC2FC8A296CA6DB00CD09B5 /* Protocols */ = {
			isa = PBXGroup;
			children = (
				CEC2FC8B296CA6FB00CD09B5 /* ProtocolsViewUI.swift */,
				CEC2FC8C296CA6FB00CD09B5 /* ProtocolsPresenter.swift */,
				CEC2FC8D296CA6FB00CD09B5 /* ProtocolsRouter.swift */,
				CEC2FC8E296CA6FB00CD09B5 /* ProtocolsProtocols.swift */,
				CEC2FC8F296CA6FB00CD09B5 /* ProtocolsMain.swift */,
				CEC2FC90296CA6FB00CD09B5 /* ProtocolsInteractor.swift */,
				CEC2FC91296CA6FB00CD09B5 /* ProtocolsView.swift */,
				CEC2FC92296CA6FB00CD09B5 /* ProtocolsEntity.swift */,
			);
			path = Protocols;
			sourceTree = "<group>";
		};
		CEC2FC9B296CD1FA00CD09B5 /* Attributes */ = {
			isa = PBXGroup;
			children = (
				CEC2FC9C296CD21A00CD09B5 /* AttributesViewUI.swift */,
				CEC2FC9D296CD21A00CD09B5 /* AttributesPresenter.swift */,
				CEC2FC9E296CD21A00CD09B5 /* AttributesRouter.swift */,
				CEC2FC9F296CD21A00CD09B5 /* AttributesProtocols.swift */,
				CEC2FCA0296CD21A00CD09B5 /* AttributesMain.swift */,
				CEC2FCA1296CD21A00CD09B5 /* AttributesInteractor.swift */,
				CEC2FCA2296CD21A00CD09B5 /* AttributesView.swift */,
				CEC2FCA3296CD21A00CD09B5 /* AttributesEntity.swift */,
			);
			path = Attributes;
			sourceTree = "<group>";
		};
		CEC2FCAC296CE26B00CD09B5 /* Tables */ = {
			isa = PBXGroup;
			children = (
				CEC2FCAD296CE29600CD09B5 /* TablesViewUI.swift */,
				CEC2FCAE296CE29600CD09B5 /* TablesPresenter.swift */,
				CEC2FCAF296CE29600CD09B5 /* TablesRouter.swift */,
				CEC2FCB0296CE29600CD09B5 /* TablesProtocols.swift */,
				CEC2FCB1296CE29600CD09B5 /* TablesMain.swift */,
				CEC2FCB2296CE29600CD09B5 /* TablesInteractor.swift */,
				CEC2FCB3296CE29600CD09B5 /* TablesView.swift */,
				CEC2FCB4296CE29600CD09B5 /* TablesEntity.swift */,
				CEC2FCBD296CE4BB00CD09B5 /* exampleTableViewCell.swift */,
			);
			path = Tables;
			sourceTree = "<group>";
		};
		CEC2FCBF296CEDEA00CD09B5 /* Collections */ = {
			isa = PBXGroup;
			children = (
				CEC2FCC0296CEE5200CD09B5 /* CollectionsViewUI.swift */,
				CEC2FCC1296CEE5200CD09B5 /* CollectionsPresenter.swift */,
				CEC2FCC2296CEE5200CD09B5 /* CollectionsRouter.swift */,
				CEC2FCC3296CEE5200CD09B5 /* CollectionsProtocols.swift */,
				CEC2FCC4296CEE5200CD09B5 /* CollectionsMain.swift */,
				CEC2FCC5296CEE5200CD09B5 /* CollectionsInteractor.swift */,
				CEC2FCC6296CEE5200CD09B5 /* CollectionsView.swift */,
				CEC2FCC7296CEE5200CD09B5 /* CollectionsEntity.swift */,
				CEC2FCD0296CEF9E00CD09B5 /* exampleCollectionCell.swift */,
			);
			path = Collections;
			sourceTree = "<group>";
		};
		CEC2FCD2296CF92000CD09B5 /* Declarations */ = {
			isa = PBXGroup;
			children = (
				CEC2FCD3296CF93C00CD09B5 /* DeclarationsViewUI.swift */,
				CEC2FCD4296CF93C00CD09B5 /* DeclarationsPresenter.swift */,
				CEC2FCD5296CF93C00CD09B5 /* DeclarationsRouter.swift */,
				CEC2FCD6296CF93C00CD09B5 /* DeclarationsProtocols.swift */,
				CEC2FCD7296CF93C00CD09B5 /* DeclarationsMain.swift */,
				CEC2FCD8296CF93C00CD09B5 /* DeclarationsInteractor.swift */,
				CEC2FCD9296CF93C00CD09B5 /* DeclarationsView.swift */,
				CEC2FCDA296CF93C00CD09B5 /* DeclarationsEntity.swift */,
			);
			path = Declarations;
			sourceTree = "<group>";
		};
		CECC91102979F75400DE4F4A /* Clousures */ = {
			isa = PBXGroup;
			children = (
				CECC9121297A028700DE4F4A /* ExampleClosure */,
				CECC91112979F76E00DE4F4A /* ClousuresViewUI.swift */,
				CECC91122979F76E00DE4F4A /* ClousuresPresenter.swift */,
				CECC91132979F76E00DE4F4A /* ClousuresRouter.swift */,
				CECC91142979F76E00DE4F4A /* ClousuresProtocols.swift */,
				CECC91152979F76E00DE4F4A /* ClousuresMain.swift */,
				CECC91162979F76E00DE4F4A /* ClousuresInteractor.swift */,
				CECC91172979F76E00DE4F4A /* ClousuresView.swift */,
				CECC91182979F76E00DE4F4A /* ClousuresEntity.swift */,
			);
			path = Clousures;
			sourceTree = "<group>";
		};
		CECC9121297A028700DE4F4A /* ExampleClosure */ = {
			isa = PBXGroup;
			children = (
				CECC9122297A02A700DE4F4A /* ExampleClosureViewUI.swift */,
				CECC9123297A02A700DE4F4A /* ExampleClosurePresenter.swift */,
				CECC9124297A02A700DE4F4A /* ExampleClosureRouter.swift */,
				CECC9125297A02A700DE4F4A /* ExampleClosureProtocols.swift */,
				CECC9126297A02A700DE4F4A /* ExampleClosureMain.swift */,
				CECC9127297A02A700DE4F4A /* ExampleClosureInteractor.swift */,
				CECC9128297A02A700DE4F4A /* ExampleClosureView.swift */,
				CECC9129297A02A700DE4F4A /* ExampleClosureEntity.swift */,
			);
			path = ExampleClosure;
			sourceTree = "<group>";
		};
		CEDB51CB2977314000CE1A13 /* SecondApi */ = {
			isa = PBXGroup;
			children = (
				CEDB51CD2977315B00CE1A13 /* SecondApiViewUI.swift */,
				CEDB51CE2977315B00CE1A13 /* SecondApiPresenter.swift */,
				CEDB51CF2977315B00CE1A13 /* SecondApiRouter.swift */,
				CEDB51D02977315B00CE1A13 /* SecondApiProtocols.swift */,
				CEDB51D12977315B00CE1A13 /* SecondApiMain.swift */,
				CEDB51D22977315B00CE1A13 /* SecondApiInteractor.swift */,
				CEDB51D32977315B00CE1A13 /* SecondApiView.swift */,
				CEDB51D42977315B00CE1A13 /* SecondApiEntity.swift */,
			);
			path = SecondApi;
			sourceTree = "<group>";
		};
		CEDB51ED29774B0A00CE1A13 /* SavedInfo */ = {
			isa = PBXGroup;
			children = (
				CEDB51DD29774AFD00CE1A13 /* SavedInfoViewUI.swift */,
				CEDB51DE29774AFD00CE1A13 /* SavedInfoPresenter.swift */,
				CEDB51DF29774AFD00CE1A13 /* SavedInfoRouter.swift */,
				CEDB51E029774AFD00CE1A13 /* SavedInfoProtocols.swift */,
				CEDB51E129774AFD00CE1A13 /* SavedInfoMain.swift */,
				CEDB51E229774AFD00CE1A13 /* SavedInfoInteractor.swift */,
				CEDB51E329774AFD00CE1A13 /* SavedInfoView.swift */,
				CEDB51E429774AFD00CE1A13 /* SavedInfoEntity.swift */,
			);
			path = SavedInfo;
			sourceTree = "<group>";
		};
		CEE19C6929761124002EB462 /* APIS */ = {
			isa = PBXGroup;
			children = (
				CEE19C6A2976115C002EB462 /* APISViewUI.swift */,
				CEE19C6B2976115C002EB462 /* APISPresenter.swift */,
				CEE19C6C2976115C002EB462 /* APISRouter.swift */,
				CEE19C6D2976115C002EB462 /* APISProtocols.swift */,
				CEE19C6E2976115C002EB462 /* APISMain.swift */,
				CEE19C6F2976115C002EB462 /* APISInteractor.swift */,
				CEE19C702976115C002EB462 /* APISView.swift */,
				CEE19C712976115C002EB462 /* APISEntity.swift */,
				CEDB51CB2977314000CE1A13 /* SecondApi */,
			);
			path = APIS;
			sourceTree = "<group>";
		};
/* End PBXGroup section */

/* Begin PBXNativeTarget section */
		CEAA5E12296780F000049358 /* generalDictionary */ = {
			isa = PBXNativeTarget;
			buildConfigurationList = CEAA5E27296780F300049358 /* Build configuration list for PBXNativeTarget "generalDictionary" */;
			buildPhases = (
				CEAA5E0F296780F000049358 /* Sources */,
				CEAA5E10296780F000049358 /* Frameworks */,
				CEAA5E11296780F000049358 /* Resources */,
				CE4C2029299598BB00A4C415 /* Embed Frameworks */,
			);
			buildRules = (
			);
			dependencies = (
			);
			name = generalDictionary;
			productName = generalDictionary;
			productReference = CEAA5E13296780F000049358 /* generalDictionary.app */;
			productType = "com.apple.product-type.application";
		};
/* End PBXNativeTarget section */

/* Begin PBXProject section */
		CEAA5E0B296780F000049358 /* Project object */ = {
			isa = PBXProject;
			attributes = {
				BuildIndependentTargetsInParallel = 1;
				LastSwiftUpdateCheck = 1420;
				LastUpgradeCheck = 1420;
				TargetAttributes = {
					CEAA5E12296780F000049358 = {
						CreatedOnToolsVersion = 14.2;
					};
				};
			};
			buildConfigurationList = CEAA5E0E296780F000049358 /* Build configuration list for PBXProject "generalDictionary" */;
			compatibilityVersion = "Xcode 14.0";
			developmentRegion = en;
			hasScannedForEncodings = 0;
			knownRegions = (
				en,
				Base,
			);
			mainGroup = CEAA5E0A296780F000049358;
			productRefGroup = CEAA5E14296780F000049358 /* Products */;
			projectDirPath = "";
			projectRoot = "";
			targets = (
				CEAA5E12296780F000049358 /* generalDictionary */,
			);
		};
/* End PBXProject section */

/* Begin PBXResourcesBuildPhase section */
		CEAA5E11296780F000049358 /* Resources */ = {
			isa = PBXResourcesBuildPhase;
			buildActionMask = 2147483647;
			files = (
				CEAA5E23296780F300049358 /* LaunchScreen.storyboard in Resources */,
				CEAA5E20296780F300049358 /* Assets.xcassets in Resources */,
			);
			runOnlyForDeploymentPostprocessing = 0;
		};
/* End PBXResourcesBuildPhase section */

/* Begin PBXSourcesBuildPhase section */
		CEAA5E0F296780F000049358 /* Sources */ = {
			isa = PBXSourcesBuildPhase;
			buildActionMask = 2147483647;
			files = (
				CEDB51D82977315B00CE1A13 /* SecondApiProtocols.swift in Sources */,
				CEDB51D72977315B00CE1A13 /* SecondApiRouter.swift in Sources */,
				CEC2FC93296CA6FB00CD09B5 /* ProtocolsViewUI.swift in Sources */,
				CEC2FCA5296CD21A00CD09B5 /* AttributesPresenter.swift in Sources */,
				CEC2FCC8296CEE5200CD09B5 /* CollectionsViewUI.swift in Sources */,
				CEC2FCDC296CF93C00CD09B5 /* DeclarationsPresenter.swift in Sources */,
				CEC2FCDE296CF93C00CD09B5 /* DeclarationsProtocols.swift in Sources */,
				CEAA5E6F29687B2100049358 /* ConstrainsPresenter.swift in Sources */,
				CEAA5E3429678B9400049358 /* HomePresenter.swift in Sources */,
				CEDB51E829774AFD00CE1A13 /* SavedInfoProtocols.swift in Sources */,
				CEDB51D52977315B00CE1A13 /* SecondApiViewUI.swift in Sources */,
				CEC2FCE2296CF93C00CD09B5 /* DeclarationsEntity.swift in Sources */,
				CECC911F2979F76E00DE4F4A /* ClousuresView.swift in Sources */,
				CECC912E297A02A700DE4F4A /* ExampleClosureMain.swift in Sources */,
				CEAA5E642968727000049358 /* ScrollEntity.swift in Sources */,
				CEC2FCBC296CE29600CD09B5 /* TablesEntity.swift in Sources */,
				CEDB51EA29774AFD00CE1A13 /* SavedInfoInteractor.swift in Sources */,
				CEDB51DB2977315B00CE1A13 /* SecondApiView.swift in Sources */,
				CEAA5E5E2968727000049358 /* ScrollPresenter.swift in Sources */,
				CEC2FCCF296CEE5200CD09B5 /* CollectionsEntity.swift in Sources */,
				CEC2FCBE296CE4BB00CD09B5 /* exampleTableViewCell.swift in Sources */,
				CEAA5E932968849100049358 /* ControllersProtocols.swift in Sources */,
				CEAA5E3729678B9400049358 /* HomeMain.swift in Sources */,
				CEC2FCB9296CE29600CD09B5 /* TablesMain.swift in Sources */,
				CECC9130297A02A700DE4F4A /* ExampleClosureView.swift in Sources */,
				CEE19C752976115C002EB462 /* APISProtocols.swift in Sources */,
				CEC2FCB8296CE29600CD09B5 /* TablesProtocols.swift in Sources */,
				CEC2FC97296CA6FB00CD09B5 /* ProtocolsMain.swift in Sources */,
				CEAA5E612968727000049358 /* ScrollMain.swift in Sources */,
				CEC2FCE1296CF93C00CD09B5 /* DeclarationsView.swift in Sources */,
				CEC2FC94296CA6FB00CD09B5 /* ProtocolsPresenter.swift in Sources */,
				CEC2FCDF296CF93C00CD09B5 /* DeclarationsMain.swift in Sources */,
				CEE19C772976115C002EB462 /* APISInteractor.swift in Sources */,
				CEC2FCA4296CD21A00CD09B5 /* AttributesViewUI.swift in Sources */,
				CEAA5E4D2967AAC700049358 /* AppDelegateProtocols.swift in Sources */,
				CEAA5E3629678B9400049358 /* HomeProtocols.swift in Sources */,
				CEC2FCDB296CF93C00CD09B5 /* DeclarationsViewUI.swift in Sources */,
				CEAA5EB82968B30D00049358 /* InteractiveControlsEntity.swift in Sources */,
				CEAA5E902968849100049358 /* ControllersViewUI.swift in Sources */,
				CEC2FC95296CA6FB00CD09B5 /* ProtocolsRouter.swift in Sources */,
				CEDB51E529774AFD00CE1A13 /* SavedInfoViewUI.swift in Sources */,
				CEC2FCB5296CE29600CD09B5 /* TablesViewUI.swift in Sources */,
				CEC2FCD1296CEF9E00CD09B5 /* exampleCollectionCell.swift in Sources */,
				CEAA5EB32968B30D00049358 /* InteractiveControlsRouter.swift in Sources */,
				CEAA5E3529678B9400049358 /* HomeRouter.swift in Sources */,
				CEC2FC99296CA6FB00CD09B5 /* ProtocolsView.swift in Sources */,
				CEAA5E7029687B2100049358 /* ConstrainsRouter.swift in Sources */,
				CECC9131297A02A700DE4F4A /* ExampleClosureEntity.swift in Sources */,
				CEC2FCAB296CD21A00CD09B5 /* AttributesEntity.swift in Sources */,
				CEAA5E942968849100049358 /* ControllersMain.swift in Sources */,
				CEAA5EB22968B30D00049358 /* InteractiveControlsPresenter.swift in Sources */,
				CEDB51D62977315B00CE1A13 /* SecondApiPresenter.swift in Sources */,
				CEAA5E3C29678E0500049358 /* MainListTableViewCell.swift in Sources */,
				CEE19C732976115C002EB462 /* APISPresenter.swift in Sources */,
				CEC2FCAA296CD21A00CD09B5 /* AttributesView.swift in Sources */,
				CEAA5E4E2967AAC700049358 /* AppDelegateMain.swift in Sources */,
				CEC2FC98296CA6FB00CD09B5 /* ProtocolsInteractor.swift in Sources */,
				CECC911C2979F76E00DE4F4A /* ClousuresProtocols.swift in Sources */,
				CEE19C762976115C002EB462 /* APISMain.swift in Sources */,
				CEC2FCB7296CE29600CD09B5 /* TablesRouter.swift in Sources */,
				CEC2FC96296CA6FB00CD09B5 /* ProtocolsProtocols.swift in Sources */,
				CEAA5E7329687B2100049358 /* ConstrainsInteractor.swift in Sources */,
				CEE19C742976115C002EB462 /* APISRouter.swift in Sources */,
				CECC912F297A02A700DE4F4A /* ExampleClosureInteractor.swift in Sources */,
				CEDB51D92977315B00CE1A13 /* SecondApiMain.swift in Sources */,
				CECC912B297A02A700DE4F4A /* ExampleClosurePresenter.swift in Sources */,
				CEAA5E622968727000049358 /* ScrollInteractor.swift in Sources */,
				CEDB51E729774AFD00CE1A13 /* SavedInfoRouter.swift in Sources */,
				CEC2FCA8296CD21A00CD09B5 /* AttributesMain.swift in Sources */,
				CECC91202979F76E00DE4F4A /* ClousuresEntity.swift in Sources */,
				CEAA5E17296780F000049358 /* AppDelegate.swift in Sources */,
				CEAA5EB12968B30D00049358 /* InteractiveControlsViewUI.swift in Sources */,
				CEDB51EB29774AFD00CE1A13 /* SavedInfoView.swift in Sources */,
				CEAA5E632968727000049358 /* ScrollView.swift in Sources */,
				CEDB51EC29774AFD00CE1A13 /* SavedInfoEntity.swift in Sources */,
				CEC2FCCE296CEE5200CD09B5 /* CollectionsView.swift in Sources */,
				CEAA5E3929678B9400049358 /* HomeView.swift in Sources */,
				CEE19C792976115C002EB462 /* APISEntity.swift in Sources */,
				CECC912A297A02A700DE4F4A /* ExampleClosureViewUI.swift in Sources */,
				CEAA5E6E29687B2100049358 /* ConstrainsViewUI.swift in Sources */,
				CEAA5EB42968B30D00049358 /* InteractiveControlsProtocols.swift in Sources */,
				CEAA5E7529687B2100049358 /* ConstrainsEntity.swift in Sources */,
				CEDB51DC2977315B00CE1A13 /* SecondApiEntity.swift in Sources */,
				CEAA5E7129687B2100049358 /* ConstrainsProtocols.swift in Sources */,
				CECC911E2979F76E00DE4F4A /* ClousuresInteractor.swift in Sources */,
				CEAA5E952968849100049358 /* ControllersInteractor.swift in Sources */,
				CEAA5E5D2968727000049358 /* ScrollViewUI.swift in Sources */,
				CEAA5EB62968B30D00049358 /* InteractiveControlsInteractor.swift in Sources */,
				CEC2FCCD296CEE5200CD09B5 /* CollectionsInteractor.swift in Sources */,
				CEAA5E4F2967AAC700049358 /* AppDelegateInteractor.swift in Sources */,
				CEAA5E602968727000049358 /* ScrollProtocols.swift in Sources */,
				CEC2FCBA296CE29600CD09B5 /* TablesInteractor.swift in Sources */,
				CEAA5E3329678B9400049358 /* HomeViewUI.swift in Sources */,
				CEC2FCDD296CF93C00CD09B5 /* DeclarationsRouter.swift in Sources */,
				CECC912D297A02A700DE4F4A /* ExampleClosureProtocols.swift in Sources */,
				CECC911B2979F76E00DE4F4A /* ClousuresRouter.swift in Sources */,
				CEAA5E512967AAC700049358 /* AppDelegateEntity.swift in Sources */,
				CEDB51DA2977315B00CE1A13 /* SecondApiInteractor.swift in Sources */,
				CEC2FC9A296CA6FB00CD09B5 /* ProtocolsEntity.swift in Sources */,
				CEAA5E4A2967AAC700049358 /* AppDelegateViewUI.swift in Sources */,
				CEC2FCCB296CEE5200CD09B5 /* CollectionsProtocols.swift in Sources */,
				CECC91192979F76E00DE4F4A /* ClousuresViewUI.swift in Sources */,
				CEAA5E5F2968727000049358 /* ScrollRouter.swift in Sources */,
				CEE19C722976115C002EB462 /* APISViewUI.swift in Sources */,
				CEDB51E629774AFD00CE1A13 /* SavedInfoPresenter.swift in Sources */,
				CEAA5EB52968B30D00049358 /* InteractiveControlsMain.swift in Sources */,
				CEAA5E962968849100049358 /* ControllersView.swift in Sources */,
				CEC2FCBB296CE29600CD09B5 /* TablesView.swift in Sources */,
				CECC911A2979F76E00DE4F4A /* ClousuresPresenter.swift in Sources */,
				CEE19C782976115C002EB462 /* APISView.swift in Sources */,
				CEC2FCA6296CD21A00CD09B5 /* AttributesRouter.swift in Sources */,
				CEAA5E972968849100049358 /* ControllersEntity.swift in Sources */,
				CEAA5E912968849100049358 /* ControllersPresenter.swift in Sources */,
				CECC911D2979F76E00DE4F4A /* ClousuresMain.swift in Sources */,
				CEC2FCA7296CD21A00CD09B5 /* AttributesProtocols.swift in Sources */,
				CEC2FCC9296CEE5200CD09B5 /* CollectionsPresenter.swift in Sources */,
				CEAA5EB72968B30D00049358 /* InteractiveControlsView.swift in Sources */,
				CEC2FCA9296CD21A00CD09B5 /* AttributesInteractor.swift in Sources */,
				CECC912C297A02A700DE4F4A /* ExampleClosureRouter.swift in Sources */,
				CEAA5E7229687B2100049358 /* ConstrainsMain.swift in Sources */,
				CEC2FCCC296CEE5200CD09B5 /* CollectionsMain.swift in Sources */,
				CEDB51E929774AFD00CE1A13 /* SavedInfoMain.swift in Sources */,
				CEAA5E7429687B2100049358 /* ConstrainsView.swift in Sources */,
				CEAA5E922968849100049358 /* ControllersRouter.swift in Sources */,
				CEAA5E4B2967AAC700049358 /* AppDelegatePresenter.swift in Sources */,
				CEC2FCE0296CF93C00CD09B5 /* DeclarationsInteractor.swift in Sources */,
				CEAA5E502967AAC700049358 /* AppDelegateView.swift in Sources */,
				CEAA5E4C2967AAC700049358 /* AppDelegateRouter.swift in Sources */,
				CEC2FCCA296CEE5200CD09B5 /* CollectionsRouter.swift in Sources */,
				CEC2FCB6296CE29600CD09B5 /* TablesPresenter.swift in Sources */,
			);
			runOnlyForDeploymentPostprocessing = 0;
		};
/* End PBXSourcesBuildPhase section */

/* Begin PBXVariantGroup section */
		CEAA5E21296780F300049358 /* LaunchScreen.storyboard */ = {
			isa = PBXVariantGroup;
			children = (
				CEAA5E22296780F300049358 /* Base */,
			);
			name = LaunchScreen.storyboard;
			sourceTree = "<group>";
		};
/* End PBXVariantGroup section */

/* Begin XCBuildConfiguration section */
		CEAA5E25296780F300049358 /* Debug */ = {
			isa = XCBuildConfiguration;
			buildSettings = {
				ALWAYS_SEARCH_USER_PATHS = NO;
				CLANG_ANALYZER_NONNULL = YES;
				CLANG_ANALYZER_NUMBER_OBJECT_CONVERSION = YES_AGGRESSIVE;
				CLANG_CXX_LANGUAGE_STANDARD = "gnu++20";
				CLANG_ENABLE_MODULES = YES;
				CLANG_ENABLE_OBJC_ARC = YES;
				CLANG_ENABLE_OBJC_WEAK = YES;
				CLANG_WARN_BLOCK_CAPTURE_AUTORELEASING = YES;
				CLANG_WARN_BOOL_CONVERSION = YES;
				CLANG_WARN_COMMA = YES;
				CLANG_WARN_CONSTANT_CONVERSION = YES;
				CLANG_WARN_DEPRECATED_OBJC_IMPLEMENTATIONS = YES;
				CLANG_WARN_DIRECT_OBJC_ISA_USAGE = YES_ERROR;
				CLANG_WARN_DOCUMENTATION_COMMENTS = YES;
				CLANG_WARN_EMPTY_BODY = YES;
				CLANG_WARN_ENUM_CONVERSION = YES;
				CLANG_WARN_INFINITE_RECURSION = YES;
				CLANG_WARN_INT_CONVERSION = YES;
				CLANG_WARN_NON_LITERAL_NULL_CONVERSION = YES;
				CLANG_WARN_OBJC_IMPLICIT_RETAIN_SELF = YES;
				CLANG_WARN_OBJC_LITERAL_CONVERSION = YES;
				CLANG_WARN_OBJC_ROOT_CLASS = YES_ERROR;
				CLANG_WARN_QUOTED_INCLUDE_IN_FRAMEWORK_HEADER = YES;
				CLANG_WARN_RANGE_LOOP_ANALYSIS = YES;
				CLANG_WARN_STRICT_PROTOTYPES = YES;
				CLANG_WARN_SUSPICIOUS_MOVE = YES;
				CLANG_WARN_UNGUARDED_AVAILABILITY = YES_AGGRESSIVE;
				CLANG_WARN_UNREACHABLE_CODE = YES;
				CLANG_WARN__DUPLICATE_METHOD_MATCH = YES;
				COPY_PHASE_STRIP = NO;
				DEBUG_INFORMATION_FORMAT = dwarf;
				ENABLE_STRICT_OBJC_MSGSEND = YES;
				ENABLE_TESTABILITY = YES;
				GCC_C_LANGUAGE_STANDARD = gnu11;
				GCC_DYNAMIC_NO_PIC = NO;
				GCC_NO_COMMON_BLOCKS = YES;
				GCC_OPTIMIZATION_LEVEL = 0;
				GCC_PREPROCESSOR_DEFINITIONS = (
					"DEBUG=1",
					"$(inherited)",
				);
				GCC_WARN_64_TO_32_BIT_CONVERSION = YES;
				GCC_WARN_ABOUT_RETURN_TYPE = YES_ERROR;
				GCC_WARN_UNDECLARED_SELECTOR = YES;
				GCC_WARN_UNINITIALIZED_AUTOS = YES_AGGRESSIVE;
				GCC_WARN_UNUSED_FUNCTION = YES;
				GCC_WARN_UNUSED_VARIABLE = YES;
				IPHONEOS_DEPLOYMENT_TARGET = 13.0;
				MTL_ENABLE_DEBUG_INFO = INCLUDE_SOURCE;
				MTL_FAST_MATH = YES;
				ONLY_ACTIVE_ARCH = YES;
				SDKROOT = iphoneos;
				SWIFT_ACTIVE_COMPILATION_CONDITIONS = DEBUG;
				SWIFT_OPTIMIZATION_LEVEL = "-Onone";
			};
			name = Debug;
		};
		CEAA5E26296780F300049358 /* Release */ = {
			isa = XCBuildConfiguration;
			buildSettings = {
				ALWAYS_SEARCH_USER_PATHS = NO;
				CLANG_ANALYZER_NONNULL = YES;
				CLANG_ANALYZER_NUMBER_OBJECT_CONVERSION = YES_AGGRESSIVE;
				CLANG_CXX_LANGUAGE_STANDARD = "gnu++20";
				CLANG_ENABLE_MODULES = YES;
				CLANG_ENABLE_OBJC_ARC = YES;
				CLANG_ENABLE_OBJC_WEAK = YES;
				CLANG_WARN_BLOCK_CAPTURE_AUTORELEASING = YES;
				CLANG_WARN_BOOL_CONVERSION = YES;
				CLANG_WARN_COMMA = YES;
				CLANG_WARN_CONSTANT_CONVERSION = YES;
				CLANG_WARN_DEPRECATED_OBJC_IMPLEMENTATIONS = YES;
				CLANG_WARN_DIRECT_OBJC_ISA_USAGE = YES_ERROR;
				CLANG_WARN_DOCUMENTATION_COMMENTS = YES;
				CLANG_WARN_EMPTY_BODY = YES;
				CLANG_WARN_ENUM_CONVERSION = YES;
				CLANG_WARN_INFINITE_RECURSION = YES;
				CLANG_WARN_INT_CONVERSION = YES;
				CLANG_WARN_NON_LITERAL_NULL_CONVERSION = YES;
				CLANG_WARN_OBJC_IMPLICIT_RETAIN_SELF = YES;
				CLANG_WARN_OBJC_LITERAL_CONVERSION = YES;
				CLANG_WARN_OBJC_ROOT_CLASS = YES_ERROR;
				CLANG_WARN_QUOTED_INCLUDE_IN_FRAMEWORK_HEADER = YES;
				CLANG_WARN_RANGE_LOOP_ANALYSIS = YES;
				CLANG_WARN_STRICT_PROTOTYPES = YES;
				CLANG_WARN_SUSPICIOUS_MOVE = YES;
				CLANG_WARN_UNGUARDED_AVAILABILITY = YES_AGGRESSIVE;
				CLANG_WARN_UNREACHABLE_CODE = YES;
				CLANG_WARN__DUPLICATE_METHOD_MATCH = YES;
				COPY_PHASE_STRIP = NO;
				DEBUG_INFORMATION_FORMAT = "dwarf-with-dsym";
				ENABLE_NS_ASSERTIONS = NO;
				ENABLE_STRICT_OBJC_MSGSEND = YES;
				GCC_C_LANGUAGE_STANDARD = gnu11;
				GCC_NO_COMMON_BLOCKS = YES;
				GCC_WARN_64_TO_32_BIT_CONVERSION = YES;
				GCC_WARN_ABOUT_RETURN_TYPE = YES_ERROR;
				GCC_WARN_UNDECLARED_SELECTOR = YES;
				GCC_WARN_UNINITIALIZED_AUTOS = YES_AGGRESSIVE;
				GCC_WARN_UNUSED_FUNCTION = YES;
				GCC_WARN_UNUSED_VARIABLE = YES;
				IPHONEOS_DEPLOYMENT_TARGET = 13.0;
				MTL_ENABLE_DEBUG_INFO = NO;
				MTL_FAST_MATH = YES;
				SDKROOT = iphoneos;
				SWIFT_COMPILATION_MODE = wholemodule;
				SWIFT_OPTIMIZATION_LEVEL = "-O";
				VALIDATE_PRODUCT = YES;
			};
			name = Release;
		};
		CEAA5E28296780F300049358 /* Debug */ = {
			isa = XCBuildConfiguration;
			buildSettings = {
				ASSETCATALOG_COMPILER_APPICON_NAME = AppIcon;
				ASSETCATALOG_COMPILER_GLOBAL_ACCENT_COLOR_NAME = AccentColor;
				CODE_SIGN_STYLE = Automatic;
				CURRENT_PROJECT_VERSION = 1;
				DEVELOPMENT_TEAM = 2RHXBRCF87;
				GENERATE_INFOPLIST_FILE = YES;
				INFOPLIST_FILE = generalDictionary/Info.plist;
				INFOPLIST_KEY_UIApplicationSupportsIndirectInputEvents = YES;
				INFOPLIST_KEY_UILaunchStoryboardName = LaunchScreen;
				INFOPLIST_KEY_UIMainStoryboardFile = "";
				INFOPLIST_KEY_UISupportedInterfaceOrientations_iPad = "UIInterfaceOrientationPortrait UIInterfaceOrientationPortraitUpsideDown UIInterfaceOrientationLandscapeLeft UIInterfaceOrientationLandscapeRight";
				INFOPLIST_KEY_UISupportedInterfaceOrientations_iPhone = "UIInterfaceOrientationPortrait UIInterfaceOrientationLandscapeLeft UIInterfaceOrientationLandscapeRight";
				IPHONEOS_DEPLOYMENT_TARGET = 13.0;
				LD_RUNPATH_SEARCH_PATHS = (
					"$(inherited)",
					"@executable_path/Frameworks",
				);
				MARKETING_VERSION = 1.0;
				PRODUCT_BUNDLE_IDENTIFIER = com.Adrian.generalDictionary;
				PRODUCT_NAME = "$(TARGET_NAME)";
				SUPPORTED_PLATFORMS = "iphoneos iphonesimulator";
				SUPPORTS_MACCATALYST = NO;
				SUPPORTS_MAC_DESIGNED_FOR_IPHONE_IPAD = NO;
				SWIFT_EMIT_LOC_STRINGS = YES;
				SWIFT_VERSION = 5.0;
				TARGETED_DEVICE_FAMILY = 1;
			};
			name = Debug;
		};
		CEAA5E29296780F300049358 /* Release */ = {
			isa = XCBuildConfiguration;
			buildSettings = {
				ASSETCATALOG_COMPILER_APPICON_NAME = AppIcon;
				ASSETCATALOG_COMPILER_GLOBAL_ACCENT_COLOR_NAME = AccentColor;
				CODE_SIGN_STYLE = Automatic;
				CURRENT_PROJECT_VERSION = 1;
				DEVELOPMENT_TEAM = 2RHXBRCF87;
				GENERATE_INFOPLIST_FILE = YES;
				INFOPLIST_FILE = generalDictionary/Info.plist;
				INFOPLIST_KEY_UIApplicationSupportsIndirectInputEvents = YES;
				INFOPLIST_KEY_UILaunchStoryboardName = LaunchScreen;
				INFOPLIST_KEY_UIMainStoryboardFile = "";
				INFOPLIST_KEY_UISupportedInterfaceOrientations_iPad = "UIInterfaceOrientationPortrait UIInterfaceOrientationPortraitUpsideDown UIInterfaceOrientationLandscapeLeft UIInterfaceOrientationLandscapeRight";
				INFOPLIST_KEY_UISupportedInterfaceOrientations_iPhone = "UIInterfaceOrientationPortrait UIInterfaceOrientationLandscapeLeft UIInterfaceOrientationLandscapeRight";
				IPHONEOS_DEPLOYMENT_TARGET = 13.0;
				LD_RUNPATH_SEARCH_PATHS = (
					"$(inherited)",
					"@executable_path/Frameworks",
				);
				MARKETING_VERSION = 1.0;
				PRODUCT_BUNDLE_IDENTIFIER = com.Adrian.generalDictionary;
				PRODUCT_NAME = "$(TARGET_NAME)";
				SUPPORTED_PLATFORMS = "iphoneos iphonesimulator";
				SUPPORTS_MACCATALYST = NO;
				SUPPORTS_MAC_DESIGNED_FOR_IPHONE_IPAD = NO;
				SWIFT_EMIT_LOC_STRINGS = YES;
				SWIFT_VERSION = 5.0;
				TARGETED_DEVICE_FAMILY = 1;
			};
			name = Release;
		};
/* End XCBuildConfiguration section */

/* Begin XCConfigurationList section */
		CEAA5E0E296780F000049358 /* Build configuration list for PBXProject "generalDictionary" */ = {
			isa = XCConfigurationList;
			buildConfigurations = (
				CEAA5E25296780F300049358 /* Debug */,
				CEAA5E26296780F300049358 /* Release */,
			);
			defaultConfigurationIsVisible = 0;
			defaultConfigurationName = Release;
		};
		CEAA5E27296780F300049358 /* Build configuration list for PBXNativeTarget "generalDictionary" */ = {
			isa = XCConfigurationList;
			buildConfigurations = (
				CEAA5E28296780F300049358 /* Debug */,
				CEAA5E29296780F300049358 /* Release */,
			);
			defaultConfigurationIsVisible = 0;
			defaultConfigurationName = Release;
		};
/* End XCConfigurationList section */
	};
	rootObject = CEAA5E0B296780F000049358 /* Project object */;
}
