// !$*UTF8*$!
{
	archiveVersion = 1;
	classes = {
	};
	objectVersion = 56;
	objects = {

/* Begin PBXBuildFile section */
		CEAA5E17296780F000049358 /* AppDelegate.swift in Sources */ = {isa = PBXBuildFile; fileRef = CEAA5E16296780F000049358 /* AppDelegate.swift */; };
		CEAA5E20296780F300049358 /* Assets.xcassets in Resources */ = {isa = PBXBuildFile; fileRef = CEAA5E1F296780F300049358 /* Assets.xcassets */; };
		CEAA5E23296780F300049358 /* LaunchScreen.storyboard in Resources */ = {isa = PBXBuildFile; fileRef = CEAA5E21296780F300049358 /* LaunchScreen.storyboard */; };
		CEAA5E3329678B9400049358 /* HomeViewUI.swift in Sources */ = {isa = PBXBuildFile; fileRef = CEAA5E2B29678B9400049358 /* HomeViewUI.swift */; };
		CEAA5E3429678B9400049358 /* HomePresenter.swift in Sources */ = {isa = PBXBuildFile; fileRef = CEAA5E2C29678B9400049358 /* HomePresenter.swift */; };
		CEAA5E3529678B9400049358 /* HomeRouter.swift in Sources */ = {isa = PBXBuildFile; fileRef = CEAA5E2D29678B9400049358 /* HomeRouter.swift */; };
		CEAA5E3629678B9400049358 /* HomeProtocols.swift in Sources */ = {isa = PBXBuildFile; fileRef = CEAA5E2E29678B9400049358 /* HomeProtocols.swift */; };
		CEAA5E3729678B9400049358 /* HomeMain.swift in Sources */ = {isa = PBXBuildFile; fileRef = CEAA5E2F29678B9400049358 /* HomeMain.swift */; };
		CEAA5E3929678B9400049358 /* HomeView.swift in Sources */ = {isa = PBXBuildFile; fileRef = CEAA5E3129678B9400049358 /* HomeView.swift */; };
		CEAA5E3C29678E0500049358 /* MainListTableViewCell.swift in Sources */ = {isa = PBXBuildFile; fileRef = CEAA5E3B29678E0500049358 /* MainListTableViewCell.swift */; };
		CEAA5E4A2967AAC700049358 /* AppDelegateViewUI.swift in Sources */ = {isa = PBXBuildFile; fileRef = CEAA5E422967AAC700049358 /* AppDelegateViewUI.swift */; };
		CEAA5E4B2967AAC700049358 /* AppDelegatePresenter.swift in Sources */ = {isa = PBXBuildFile; fileRef = CEAA5E432967AAC700049358 /* AppDelegatePresenter.swift */; };
		CEAA5E4C2967AAC700049358 /* AppDelegateRouter.swift in Sources */ = {isa = PBXBuildFile; fileRef = CEAA5E442967AAC700049358 /* AppDelegateRouter.swift */; };
		CEAA5E4D2967AAC700049358 /* AppDelegateProtocols.swift in Sources */ = {isa = PBXBuildFile; fileRef = CEAA5E452967AAC700049358 /* AppDelegateProtocols.swift */; };
		CEAA5E4E2967AAC700049358 /* AppDelegateMain.swift in Sources */ = {isa = PBXBuildFile; fileRef = CEAA5E462967AAC700049358 /* AppDelegateMain.swift */; };
		CEAA5E4F2967AAC700049358 /* AppDelegateInteractor.swift in Sources */ = {isa = PBXBuildFile; fileRef = CEAA5E472967AAC700049358 /* AppDelegateInteractor.swift */; };
		CEAA5E502967AAC700049358 /* AppDelegateView.swift in Sources */ = {isa = PBXBuildFile; fileRef = CEAA5E482967AAC700049358 /* AppDelegateView.swift */; };
		CEAA5E512967AAC700049358 /* AppDelegateEntity.swift in Sources */ = {isa = PBXBuildFile; fileRef = CEAA5E492967AAC700049358 /* AppDelegateEntity.swift */; };
		CEAA5E5D2968727000049358 /* ScrollViewUI.swift in Sources */ = {isa = PBXBuildFile; fileRef = CEAA5E552968727000049358 /* ScrollViewUI.swift */; };
		CEAA5E5E2968727000049358 /* ScrollPresenter.swift in Sources */ = {isa = PBXBuildFile; fileRef = CEAA5E562968727000049358 /* ScrollPresenter.swift */; };
		CEAA5E5F2968727000049358 /* ScrollRouter.swift in Sources */ = {isa = PBXBuildFile; fileRef = CEAA5E572968727000049358 /* ScrollRouter.swift */; };
		CEAA5E602968727000049358 /* ScrollProtocols.swift in Sources */ = {isa = PBXBuildFile; fileRef = CEAA5E582968727000049358 /* ScrollProtocols.swift */; };
		CEAA5E612968727000049358 /* ScrollMain.swift in Sources */ = {isa = PBXBuildFile; fileRef = CEAA5E592968727000049358 /* ScrollMain.swift */; };
		CEAA5E622968727000049358 /* ScrollInteractor.swift in Sources */ = {isa = PBXBuildFile; fileRef = CEAA5E5A2968727000049358 /* ScrollInteractor.swift */; };
		CEAA5E632968727000049358 /* ScrollView.swift in Sources */ = {isa = PBXBuildFile; fileRef = CEAA5E5B2968727000049358 /* ScrollView.swift */; };
		CEAA5E642968727000049358 /* ScrollEntity.swift in Sources */ = {isa = PBXBuildFile; fileRef = CEAA5E5C2968727000049358 /* ScrollEntity.swift */; };
		CEAA5E6E29687B2100049358 /* ConstrainsViewUI.swift in Sources */ = {isa = PBXBuildFile; fileRef = CEAA5E6629687B2100049358 /* ConstrainsViewUI.swift */; };
		CEAA5E6F29687B2100049358 /* ConstrainsPresenter.swift in Sources */ = {isa = PBXBuildFile; fileRef = CEAA5E6729687B2100049358 /* ConstrainsPresenter.swift */; };
		CEAA5E7029687B2100049358 /* ConstrainsRouter.swift in Sources */ = {isa = PBXBuildFile; fileRef = CEAA5E6829687B2100049358 /* ConstrainsRouter.swift */; };
		CEAA5E7129687B2100049358 /* ConstrainsProtocols.swift in Sources */ = {isa = PBXBuildFile; fileRef = CEAA5E6929687B2100049358 /* ConstrainsProtocols.swift */; };
		CEAA5E7229687B2100049358 /* ConstrainsMain.swift in Sources */ = {isa = PBXBuildFile; fileRef = CEAA5E6A29687B2100049358 /* ConstrainsMain.swift */; };
		CEAA5E7329687B2100049358 /* ConstrainsInteractor.swift in Sources */ = {isa = PBXBuildFile; fileRef = CEAA5E6B29687B2100049358 /* ConstrainsInteractor.swift */; };
		CEAA5E7429687B2100049358 /* ConstrainsView.swift in Sources */ = {isa = PBXBuildFile; fileRef = CEAA5E6C29687B2100049358 /* ConstrainsView.swift */; };
		CEAA5E7529687B2100049358 /* ConstrainsEntity.swift in Sources */ = {isa = PBXBuildFile; fileRef = CEAA5E6D29687B2100049358 /* ConstrainsEntity.swift */; };
		CEAA5E902968849100049358 /* ControllersViewUI.swift in Sources */ = {isa = PBXBuildFile; fileRef = CEAA5E882968849100049358 /* ControllersViewUI.swift */; };
		CEAA5E912968849100049358 /* ControllersPresenter.swift in Sources */ = {isa = PBXBuildFile; fileRef = CEAA5E892968849100049358 /* ControllersPresenter.swift */; };
		CEAA5E922968849100049358 /* ControllersRouter.swift in Sources */ = {isa = PBXBuildFile; fileRef = CEAA5E8A2968849100049358 /* ControllersRouter.swift */; };
		CEAA5E932968849100049358 /* ControllersProtocols.swift in Sources */ = {isa = PBXBuildFile; fileRef = CEAA5E8B2968849100049358 /* ControllersProtocols.swift */; };
		CEAA5E942968849100049358 /* ControllersMain.swift in Sources */ = {isa = PBXBuildFile; fileRef = CEAA5E8C2968849100049358 /* ControllersMain.swift */; };
		CEAA5E952968849100049358 /* ControllersInteractor.swift in Sources */ = {isa = PBXBuildFile; fileRef = CEAA5E8D2968849100049358 /* ControllersInteractor.swift */; };
		CEAA5E962968849100049358 /* ControllersView.swift in Sources */ = {isa = PBXBuildFile; fileRef = CEAA5E8E2968849100049358 /* ControllersView.swift */; };
		CEAA5E972968849100049358 /* ControllersEntity.swift in Sources */ = {isa = PBXBuildFile; fileRef = CEAA5E8F2968849100049358 /* ControllersEntity.swift */; };
		CEAA5EB12968B30D00049358 /* InteractiveControlsViewUI.swift in Sources */ = {isa = PBXBuildFile; fileRef = CEAA5EA92968B30C00049358 /* InteractiveControlsViewUI.swift */; };
		CEAA5EB22968B30D00049358 /* InteractiveControlsPresenter.swift in Sources */ = {isa = PBXBuildFile; fileRef = CEAA5EAA2968B30D00049358 /* InteractiveControlsPresenter.swift */; };
		CEAA5EB32968B30D00049358 /* InteractiveControlsRouter.swift in Sources */ = {isa = PBXBuildFile; fileRef = CEAA5EAB2968B30D00049358 /* InteractiveControlsRouter.swift */; };
		CEAA5EB42968B30D00049358 /* InteractiveControlsProtocols.swift in Sources */ = {isa = PBXBuildFile; fileRef = CEAA5EAC2968B30D00049358 /* InteractiveControlsProtocols.swift */; };
		CEAA5EB52968B30D00049358 /* InteractiveControlsMain.swift in Sources */ = {isa = PBXBuildFile; fileRef = CEAA5EAD2968B30D00049358 /* InteractiveControlsMain.swift */; };
		CEAA5EB62968B30D00049358 /* InteractiveControlsInteractor.swift in Sources */ = {isa = PBXBuildFile; fileRef = CEAA5EAE2968B30D00049358 /* InteractiveControlsInteractor.swift */; };
		CEAA5EB72968B30D00049358 /* InteractiveControlsView.swift in Sources */ = {isa = PBXBuildFile; fileRef = CEAA5EAF2968B30D00049358 /* InteractiveControlsView.swift */; };
		CEAA5EB82968B30D00049358 /* InteractiveControlsEntity.swift in Sources */ = {isa = PBXBuildFile; fileRef = CEAA5EB02968B30D00049358 /* InteractiveControlsEntity.swift */; };
/* End PBXBuildFile section */

/* Begin PBXFileReference section */
		CEAA5E13296780F000049358 /* generalDictionary.app */ = {isa = PBXFileReference; explicitFileType = wrapper.application; includeInIndex = 0; path = generalDictionary.app; sourceTree = BUILT_PRODUCTS_DIR; };
		CEAA5E16296780F000049358 /* AppDelegate.swift */ = {isa = PBXFileReference; lastKnownFileType = sourcecode.swift; path = AppDelegate.swift; sourceTree = "<group>"; };
		CEAA5E1F296780F300049358 /* Assets.xcassets */ = {isa = PBXFileReference; lastKnownFileType = folder.assetcatalog; path = Assets.xcassets; sourceTree = "<group>"; };
		CEAA5E22296780F300049358 /* Base */ = {isa = PBXFileReference; lastKnownFileType = file.storyboard; name = Base; path = Base.lproj/LaunchScreen.storyboard; sourceTree = "<group>"; };
		CEAA5E24296780F300049358 /* Info.plist */ = {isa = PBXFileReference; lastKnownFileType = text.plist.xml; path = Info.plist; sourceTree = "<group>"; };
		CEAA5E2B29678B9400049358 /* HomeViewUI.swift */ = {isa = PBXFileReference; lastKnownFileType = sourcecode.swift; path = HomeViewUI.swift; sourceTree = "<group>"; };
		CEAA5E2C29678B9400049358 /* HomePresenter.swift */ = {isa = PBXFileReference; lastKnownFileType = sourcecode.swift; path = HomePresenter.swift; sourceTree = "<group>"; };
		CEAA5E2D29678B9400049358 /* HomeRouter.swift */ = {isa = PBXFileReference; lastKnownFileType = sourcecode.swift; path = HomeRouter.swift; sourceTree = "<group>"; };
		CEAA5E2E29678B9400049358 /* HomeProtocols.swift */ = {isa = PBXFileReference; lastKnownFileType = sourcecode.swift; path = HomeProtocols.swift; sourceTree = "<group>"; };
		CEAA5E2F29678B9400049358 /* HomeMain.swift */ = {isa = PBXFileReference; lastKnownFileType = sourcecode.swift; path = HomeMain.swift; sourceTree = "<group>"; };
		CEAA5E3129678B9400049358 /* HomeView.swift */ = {isa = PBXFileReference; lastKnownFileType = sourcecode.swift; path = HomeView.swift; sourceTree = "<group>"; };
		CEAA5E3B29678E0500049358 /* MainListTableViewCell.swift */ = {isa = PBXFileReference; lastKnownFileType = sourcecode.swift; path = MainListTableViewCell.swift; sourceTree = "<group>"; };
		CEAA5E422967AAC700049358 /* AppDelegateViewUI.swift */ = {isa = PBXFileReference; lastKnownFileType = sourcecode.swift; path = AppDelegateViewUI.swift; sourceTree = "<group>"; };
		CEAA5E432967AAC700049358 /* AppDelegatePresenter.swift */ = {isa = PBXFileReference; lastKnownFileType = sourcecode.swift; path = AppDelegatePresenter.swift; sourceTree = "<group>"; };
		CEAA5E442967AAC700049358 /* AppDelegateRouter.swift */ = {isa = PBXFileReference; lastKnownFileType = sourcecode.swift; path = AppDelegateRouter.swift; sourceTree = "<group>"; };
		CEAA5E452967AAC700049358 /* AppDelegateProtocols.swift */ = {isa = PBXFileReference; lastKnownFileType = sourcecode.swift; path = AppDelegateProtocols.swift; sourceTree = "<group>"; };
		CEAA5E462967AAC700049358 /* AppDelegateMain.swift */ = {isa = PBXFileReference; lastKnownFileType = sourcecode.swift; path = AppDelegateMain.swift; sourceTree = "<group>"; };
		CEAA5E472967AAC700049358 /* AppDelegateInteractor.swift */ = {isa = PBXFileReference; lastKnownFileType = sourcecode.swift; path = AppDelegateInteractor.swift; sourceTree = "<group>"; };
		CEAA5E482967AAC700049358 /* AppDelegateView.swift */ = {isa = PBXFileReference; lastKnownFileType = sourcecode.swift; path = AppDelegateView.swift; sourceTree = "<group>"; };
		CEAA5E492967AAC700049358 /* AppDelegateEntity.swift */ = {isa = PBXFileReference; lastKnownFileType = sourcecode.swift; path = AppDelegateEntity.swift; sourceTree = "<group>"; };
		CEAA5E552968727000049358 /* ScrollViewUI.swift */ = {isa = PBXFileReference; lastKnownFileType = sourcecode.swift; path = ScrollViewUI.swift; sourceTree = "<group>"; };
		CEAA5E562968727000049358 /* ScrollPresenter.swift */ = {isa = PBXFileReference; lastKnownFileType = sourcecode.swift; path = ScrollPresenter.swift; sourceTree = "<group>"; };
		CEAA5E572968727000049358 /* ScrollRouter.swift */ = {isa = PBXFileReference; lastKnownFileType = sourcecode.swift; path = ScrollRouter.swift; sourceTree = "<group>"; };
		CEAA5E582968727000049358 /* ScrollProtocols.swift */ = {isa = PBXFileReference; lastKnownFileType = sourcecode.swift; path = ScrollProtocols.swift; sourceTree = "<group>"; };
		CEAA5E592968727000049358 /* ScrollMain.swift */ = {isa = PBXFileReference; lastKnownFileType = sourcecode.swift; path = ScrollMain.swift; sourceTree = "<group>"; };
		CEAA5E5A2968727000049358 /* ScrollInteractor.swift */ = {isa = PBXFileReference; lastKnownFileType = sourcecode.swift; path = ScrollInteractor.swift; sourceTree = "<group>"; };
		CEAA5E5B2968727000049358 /* ScrollView.swift */ = {isa = PBXFileReference; lastKnownFileType = sourcecode.swift; path = ScrollView.swift; sourceTree = "<group>"; };
		CEAA5E5C2968727000049358 /* ScrollEntity.swift */ = {isa = PBXFileReference; lastKnownFileType = sourcecode.swift; path = ScrollEntity.swift; sourceTree = "<group>"; };
		CEAA5E6629687B2100049358 /* ConstrainsViewUI.swift */ = {isa = PBXFileReference; lastKnownFileType = sourcecode.swift; path = ConstrainsViewUI.swift; sourceTree = "<group>"; };
		CEAA5E6729687B2100049358 /* ConstrainsPresenter.swift */ = {isa = PBXFileReference; lastKnownFileType = sourcecode.swift; path = ConstrainsPresenter.swift; sourceTree = "<group>"; };
		CEAA5E6829687B2100049358 /* ConstrainsRouter.swift */ = {isa = PBXFileReference; lastKnownFileType = sourcecode.swift; path = ConstrainsRouter.swift; sourceTree = "<group>"; };
		CEAA5E6929687B2100049358 /* ConstrainsProtocols.swift */ = {isa = PBXFileReference; lastKnownFileType = sourcecode.swift; path = ConstrainsProtocols.swift; sourceTree = "<group>"; };
		CEAA5E6A29687B2100049358 /* ConstrainsMain.swift */ = {isa = PBXFileReference; lastKnownFileType = sourcecode.swift; path = ConstrainsMain.swift; sourceTree = "<group>"; };
		CEAA5E6B29687B2100049358 /* ConstrainsInteractor.swift */ = {isa = PBXFileReference; lastKnownFileType = sourcecode.swift; path = ConstrainsInteractor.swift; sourceTree = "<group>"; };
		CEAA5E6C29687B2100049358 /* ConstrainsView.swift */ = {isa = PBXFileReference; lastKnownFileType = sourcecode.swift; path = ConstrainsView.swift; sourceTree = "<group>"; };
		CEAA5E6D29687B2100049358 /* ConstrainsEntity.swift */ = {isa = PBXFileReference; lastKnownFileType = sourcecode.swift; path = ConstrainsEntity.swift; sourceTree = "<group>"; };
		CEAA5E882968849100049358 /* ControllersViewUI.swift */ = {isa = PBXFileReference; lastKnownFileType = sourcecode.swift; path = ControllersViewUI.swift; sourceTree = "<group>"; };
		CEAA5E892968849100049358 /* ControllersPresenter.swift */ = {isa = PBXFileReference; lastKnownFileType = sourcecode.swift; path = ControllersPresenter.swift; sourceTree = "<group>"; };
		CEAA5E8A2968849100049358 /* ControllersRouter.swift */ = {isa = PBXFileReference; lastKnownFileType = sourcecode.swift; path = ControllersRouter.swift; sourceTree = "<group>"; };
		CEAA5E8B2968849100049358 /* ControllersProtocols.swift */ = {isa = PBXFileReference; lastKnownFileType = sourcecode.swift; path = ControllersProtocols.swift; sourceTree = "<group>"; };
		CEAA5E8C2968849100049358 /* ControllersMain.swift */ = {isa = PBXFileReference; lastKnownFileType = sourcecode.swift; path = ControllersMain.swift; sourceTree = "<group>"; };
		CEAA5E8D2968849100049358 /* ControllersInteractor.swift */ = {isa = PBXFileReference; lastKnownFileType = sourcecode.swift; path = ControllersInteractor.swift; sourceTree = "<group>"; };
		CEAA5E8E2968849100049358 /* ControllersView.swift */ = {isa = PBXFileReference; lastKnownFileType = sourcecode.swift; path = ControllersView.swift; sourceTree = "<group>"; };
		CEAA5E8F2968849100049358 /* ControllersEntity.swift */ = {isa = PBXFileReference; lastKnownFileType = sourcecode.swift; path = ControllersEntity.swift; sourceTree = "<group>"; };
		CEAA5EA92968B30C00049358 /* InteractiveControlsViewUI.swift */ = {isa = PBXFileReference; lastKnownFileType = sourcecode.swift; path = InteractiveControlsViewUI.swift; sourceTree = "<group>"; };
		CEAA5EAA2968B30D00049358 /* InteractiveControlsPresenter.swift */ = {isa = PBXFileReference; lastKnownFileType = sourcecode.swift; path = InteractiveControlsPresenter.swift; sourceTree = "<group>"; };
		CEAA5EAB2968B30D00049358 /* InteractiveControlsRouter.swift */ = {isa = PBXFileReference; lastKnownFileType = sourcecode.swift; path = InteractiveControlsRouter.swift; sourceTree = "<group>"; };
		CEAA5EAC2968B30D00049358 /* InteractiveControlsProtocols.swift */ = {isa = PBXFileReference; lastKnownFileType = sourcecode.swift; path = InteractiveControlsProtocols.swift; sourceTree = "<group>"; };
		CEAA5EAD2968B30D00049358 /* InteractiveControlsMain.swift */ = {isa = PBXFileReference; lastKnownFileType = sourcecode.swift; path = InteractiveControlsMain.swift; sourceTree = "<group>"; };
		CEAA5EAE2968B30D00049358 /* InteractiveControlsInteractor.swift */ = {isa = PBXFileReference; lastKnownFileType = sourcecode.swift; path = InteractiveControlsInteractor.swift; sourceTree = "<group>"; };
		CEAA5EAF2968B30D00049358 /* InteractiveControlsView.swift */ = {isa = PBXFileReference; lastKnownFileType = sourcecode.swift; path = InteractiveControlsView.swift; sourceTree = "<group>"; };
		CEAA5EB02968B30D00049358 /* InteractiveControlsEntity.swift */ = {isa = PBXFileReference; lastKnownFileType = sourcecode.swift; path = InteractiveControlsEntity.swift; sourceTree = "<group>"; };
/* End PBXFileReference section */

/* Begin PBXFrameworksBuildPhase section */
		CEAA5E10296780F000049358 /* Frameworks */ = {
			isa = PBXFrameworksBuildPhase;
			buildActionMask = 2147483647;
			files = (
			);
			runOnlyForDeploymentPostprocessing = 0;
		};
/* End PBXFrameworksBuildPhase section */

/* Begin PBXGroup section */
		CEAA5E0A296780F000049358 = {
			isa = PBXGroup;
			children = (
				CEAA5E15296780F000049358 /* generalDictionary */,
				CEAA5E14296780F000049358 /* Products */,
			);
			sourceTree = "<group>";
		};
		CEAA5E14296780F000049358 /* Products */ = {
			isa = PBXGroup;
			children = (
				CEAA5E13296780F000049358 /* generalDictionary.app */,
			);
			name = Products;
			sourceTree = "<group>";
		};
		CEAA5E15296780F000049358 /* generalDictionary */ = {
			isa = PBXGroup;
			children = (
				CEAA5E3D2967A84E00049358 /* Components */,
				CEAA5E2A29678B6D00049358 /* Home */,
				CEAA5E402967AA9800049358 /* Views */,
				CEAA5E16296780F000049358 /* AppDelegate.swift */,
				CEAA5E1F296780F300049358 /* Assets.xcassets */,
				CEAA5E21296780F300049358 /* LaunchScreen.storyboard */,
				CEAA5E24296780F300049358 /* Info.plist */,
			);
			path = generalDictionary;
			sourceTree = "<group>";
		};
		CEAA5E2A29678B6D00049358 /* Home */ = {
			isa = PBXGroup;
			children = (
				CEAA5E2B29678B9400049358 /* HomeViewUI.swift */,
				CEAA5E2C29678B9400049358 /* HomePresenter.swift */,
				CEAA5E2D29678B9400049358 /* HomeRouter.swift */,
				CEAA5E2E29678B9400049358 /* HomeProtocols.swift */,
				CEAA5E2F29678B9400049358 /* HomeMain.swift */,
				CEAA5E3129678B9400049358 /* HomeView.swift */,
				CEAA5E3B29678E0500049358 /* MainListTableViewCell.swift */,
			);
			path = Home;
			sourceTree = "<group>";
		};
		CEAA5E3D2967A84E00049358 /* Components */ = {
			isa = PBXGroup;
			children = (
			);
			path = Components;
			sourceTree = "<group>";
		};
		CEAA5E402967AA9800049358 /* Views */ = {
			isa = PBXGroup;
			children = (
				CEAA5E412967AAA900049358 /* AppDelegate */,
				CEAA5E872968847F00049358 /* Controllers */,
				CEAA5E6529687B0400049358 /* Constrains */,
				CEAA5E542968720B00049358 /* Scroll */,
				CEAA5E982968B24300049358 /* InteractiveControls */,
			);
			path = Views;
			sourceTree = "<group>";
		};
		CEAA5E412967AAA900049358 /* AppDelegate */ = {
			isa = PBXGroup;
			children = (
				CEAA5E422967AAC700049358 /* AppDelegateViewUI.swift */,
				CEAA5E432967AAC700049358 /* AppDelegatePresenter.swift */,
				CEAA5E442967AAC700049358 /* AppDelegateRouter.swift */,
				CEAA5E452967AAC700049358 /* AppDelegateProtocols.swift */,
				CEAA5E462967AAC700049358 /* AppDelegateMain.swift */,
				CEAA5E472967AAC700049358 /* AppDelegateInteractor.swift */,
				CEAA5E482967AAC700049358 /* AppDelegateView.swift */,
				CEAA5E492967AAC700049358 /* AppDelegateEntity.swift */,
			);
			path = AppDelegate;
			sourceTree = "<group>";
		};
		CEAA5E542968720B00049358 /* Scroll */ = {
			isa = PBXGroup;
			children = (
				CEAA5E552968727000049358 /* ScrollViewUI.swift */,
				CEAA5E562968727000049358 /* ScrollPresenter.swift */,
				CEAA5E572968727000049358 /* ScrollRouter.swift */,
				CEAA5E582968727000049358 /* ScrollProtocols.swift */,
				CEAA5E592968727000049358 /* ScrollMain.swift */,
				CEAA5E5A2968727000049358 /* ScrollInteractor.swift */,
				CEAA5E5B2968727000049358 /* ScrollView.swift */,
				CEAA5E5C2968727000049358 /* ScrollEntity.swift */,
			);
			path = Scroll;
			sourceTree = "<group>";
		};
		CEAA5E6529687B0400049358 /* Constrains */ = {
			isa = PBXGroup;
			children = (
				CEAA5E6629687B2100049358 /* ConstrainsViewUI.swift */,
				CEAA5E6729687B2100049358 /* ConstrainsPresenter.swift */,
				CEAA5E6829687B2100049358 /* ConstrainsRouter.swift */,
				CEAA5E6929687B2100049358 /* ConstrainsProtocols.swift */,
				CEAA5E6A29687B2100049358 /* ConstrainsMain.swift */,
				CEAA5E6B29687B2100049358 /* ConstrainsInteractor.swift */,
				CEAA5E6C29687B2100049358 /* ConstrainsView.swift */,
				CEAA5E6D29687B2100049358 /* ConstrainsEntity.swift */,
			);
			path = Constrains;
			sourceTree = "<group>";
		};
		CEAA5E872968847F00049358 /* Controllers */ = {
			isa = PBXGroup;
			children = (
				CEAA5E882968849100049358 /* ControllersViewUI.swift */,
				CEAA5E892968849100049358 /* ControllersPresenter.swift */,
				CEAA5E8A2968849100049358 /* ControllersRouter.swift */,
				CEAA5E8B2968849100049358 /* ControllersProtocols.swift */,
				CEAA5E8C2968849100049358 /* ControllersMain.swift */,
				CEAA5E8D2968849100049358 /* ControllersInteractor.swift */,
				CEAA5E8E2968849100049358 /* ControllersView.swift */,
				CEAA5E8F2968849100049358 /* ControllersEntity.swift */,
			);
			path = Controllers;
			sourceTree = "<group>";
		};
		CEAA5E982968B24300049358 /* InteractiveControls */ = {
			isa = PBXGroup;
			children = (
				CEAA5EA92968B30C00049358 /* InteractiveControlsViewUI.swift */,
				CEAA5EAA2968B30D00049358 /* InteractiveControlsPresenter.swift */,
				CEAA5EAB2968B30D00049358 /* InteractiveControlsRouter.swift */,
				CEAA5EAC2968B30D00049358 /* InteractiveControlsProtocols.swift */,
				CEAA5EAD2968B30D00049358 /* InteractiveControlsMain.swift */,
				CEAA5EAE2968B30D00049358 /* InteractiveControlsInteractor.swift */,
				CEAA5EAF2968B30D00049358 /* InteractiveControlsView.swift */,
				CEAA5EB02968B30D00049358 /* InteractiveControlsEntity.swift */,
			);
			path = InteractiveControls;
			sourceTree = "<group>";
		};
/* End PBXGroup section */

/* Begin PBXNativeTarget section */
		CEAA5E12296780F000049358 /* generalDictionary */ = {
			isa = PBXNativeTarget;
			buildConfigurationList = CEAA5E27296780F300049358 /* Build configuration list for PBXNativeTarget "generalDictionary" */;
			buildPhases = (
				CEAA5E0F296780F000049358 /* Sources */,
				CEAA5E10296780F000049358 /* Frameworks */,
				CEAA5E11296780F000049358 /* Resources */,
			);
			buildRules = (
			);
			dependencies = (
			);
			name = generalDictionary;
			productName = generalDictionary;
			productReference = CEAA5E13296780F000049358 /* generalDictionary.app */;
			productType = "com.apple.product-type.application";
		};
/* End PBXNativeTarget section */

/* Begin PBXProject section */
		CEAA5E0B296780F000049358 /* Project object */ = {
			isa = PBXProject;
			attributes = {
				BuildIndependentTargetsInParallel = 1;
				LastSwiftUpdateCheck = 1420;
				LastUpgradeCheck = 1420;
				TargetAttributes = {
					CEAA5E12296780F000049358 = {
						CreatedOnToolsVersion = 14.2;
					};
				};
			};
			buildConfigurationList = CEAA5E0E296780F000049358 /* Build configuration list for PBXProject "generalDictionary" */;
			compatibilityVersion = "Xcode 14.0";
			developmentRegion = en;
			hasScannedForEncodings = 0;
			knownRegions = (
				en,
				Base,
			);
			mainGroup = CEAA5E0A296780F000049358;
			productRefGroup = CEAA5E14296780F000049358 /* Products */;
			projectDirPath = "";
			projectRoot = "";
			targets = (
				CEAA5E12296780F000049358 /* generalDictionary */,
			);
		};
/* End PBXProject section */

/* Begin PBXResourcesBuildPhase section */
		CEAA5E11296780F000049358 /* Resources */ = {
			isa = PBXResourcesBuildPhase;
			buildActionMask = 2147483647;
			files = (
				CEAA5E23296780F300049358 /* LaunchScreen.storyboard in Resources */,
				CEAA5E20296780F300049358 /* Assets.xcassets in Resources */,
			);
			runOnlyForDeploymentPostprocessing = 0;
		};
/* End PBXResourcesBuildPhase section */

/* Begin PBXSourcesBuildPhase section */
		CEAA5E0F296780F000049358 /* Sources */ = {
			isa = PBXSourcesBuildPhase;
			buildActionMask = 2147483647;
			files = (
				CEAA5E6F29687B2100049358 /* ConstrainsPresenter.swift in Sources */,
				CEAA5E3429678B9400049358 /* HomePresenter.swift in Sources */,
				CEAA5E642968727000049358 /* ScrollEntity.swift in Sources */,
				CEAA5E5E2968727000049358 /* ScrollPresenter.swift in Sources */,
				CEAA5E932968849100049358 /* ControllersProtocols.swift in Sources */,
				CEAA5E3729678B9400049358 /* HomeMain.swift in Sources */,
				CEAA5E612968727000049358 /* ScrollMain.swift in Sources */,
				CEAA5E4D2967AAC700049358 /* AppDelegateProtocols.swift in Sources */,
				CEAA5E3629678B9400049358 /* HomeProtocols.swift in Sources */,
				CEAA5EB82968B30D00049358 /* InteractiveControlsEntity.swift in Sources */,
				CEAA5E902968849100049358 /* ControllersViewUI.swift in Sources */,
				CEAA5EB32968B30D00049358 /* InteractiveControlsRouter.swift in Sources */,
				CEAA5E3529678B9400049358 /* HomeRouter.swift in Sources */,
				CEAA5E7029687B2100049358 /* ConstrainsRouter.swift in Sources */,
				CEAA5E942968849100049358 /* ControllersMain.swift in Sources */,
				CEAA5EB22968B30D00049358 /* InteractiveControlsPresenter.swift in Sources */,
				CEAA5E3C29678E0500049358 /* MainListTableViewCell.swift in Sources */,
				CEAA5E4E2967AAC700049358 /* AppDelegateMain.swift in Sources */,
				CEAA5E7329687B2100049358 /* ConstrainsInteractor.swift in Sources */,
				CEAA5E622968727000049358 /* ScrollInteractor.swift in Sources */,
				CEAA5E17296780F000049358 /* AppDelegate.swift in Sources */,
				CEAA5EB12968B30D00049358 /* InteractiveControlsViewUI.swift in Sources */,
				CEAA5E632968727000049358 /* ScrollView.swift in Sources */,
				CEAA5E3929678B9400049358 /* HomeView.swift in Sources */,
				CEAA5E6E29687B2100049358 /* ConstrainsViewUI.swift in Sources */,
				CEAA5EB42968B30D00049358 /* InteractiveControlsProtocols.swift in Sources */,
				CEAA5E7529687B2100049358 /* ConstrainsEntity.swift in Sources */,
				CEAA5E7129687B2100049358 /* ConstrainsProtocols.swift in Sources */,
				CEAA5E952968849100049358 /* ControllersInteractor.swift in Sources */,
				CEAA5E5D2968727000049358 /* ScrollViewUI.swift in Sources */,
				CEAA5EB62968B30D00049358 /* InteractiveControlsInteractor.swift in Sources */,
				CEAA5E4F2967AAC700049358 /* AppDelegateInteractor.swift in Sources */,
				CEAA5E602968727000049358 /* ScrollProtocols.swift in Sources */,
				CEAA5E3329678B9400049358 /* HomeViewUI.swift in Sources */,
				CEAA5E512967AAC700049358 /* AppDelegateEntity.swift in Sources */,
				CEAA5E4A2967AAC700049358 /* AppDelegateViewUI.swift in Sources */,
				CEAA5E5F2968727000049358 /* ScrollRouter.swift in Sources */,
				CEAA5EB52968B30D00049358 /* InteractiveControlsMain.swift in Sources */,
				CEAA5E962968849100049358 /* ControllersView.swift in Sources */,
				CEAA5E972968849100049358 /* ControllersEntity.swift in Sources */,
				CEAA5E912968849100049358 /* ControllersPresenter.swift in Sources */,
				CEAA5EB72968B30D00049358 /* InteractiveControlsView.swift in Sources */,
				CEAA5E7229687B2100049358 /* ConstrainsMain.swift in Sources */,
				CEAA5E7429687B2100049358 /* ConstrainsView.swift in Sources */,
				CEAA5E922968849100049358 /* ControllersRouter.swift in Sources */,
				CEAA5E4B2967AAC700049358 /* AppDelegatePresenter.swift in Sources */,
				CEAA5E502967AAC700049358 /* AppDelegateView.swift in Sources */,
				CEAA5E4C2967AAC700049358 /* AppDelegateRouter.swift in Sources */,
			);
			runOnlyForDeploymentPostprocessing = 0;
		};
/* End PBXSourcesBuildPhase section */

/* Begin PBXVariantGroup section */
		CEAA5E21296780F300049358 /* LaunchScreen.storyboard */ = {
			isa = PBXVariantGroup;
			children = (
				CEAA5E22296780F300049358 /* Base */,
			);
			name = LaunchScreen.storyboard;
			sourceTree = "<group>";
		};
/* End PBXVariantGroup section */

/* Begin XCBuildConfiguration section */
		CEAA5E25296780F300049358 /* Debug */ = {
			isa = XCBuildConfiguration;
			buildSettings = {
				ALWAYS_SEARCH_USER_PATHS = NO;
				CLANG_ANALYZER_NONNULL = YES;
				CLANG_ANALYZER_NUMBER_OBJECT_CONVERSION = YES_AGGRESSIVE;
				CLANG_CXX_LANGUAGE_STANDARD = "gnu++20";
				CLANG_ENABLE_MODULES = YES;
				CLANG_ENABLE_OBJC_ARC = YES;
				CLANG_ENABLE_OBJC_WEAK = YES;
				CLANG_WARN_BLOCK_CAPTURE_AUTORELEASING = YES;
				CLANG_WARN_BOOL_CONVERSION = YES;
				CLANG_WARN_COMMA = YES;
				CLANG_WARN_CONSTANT_CONVERSION = YES;
				CLANG_WARN_DEPRECATED_OBJC_IMPLEMENTATIONS = YES;
				CLANG_WARN_DIRECT_OBJC_ISA_USAGE = YES_ERROR;
				CLANG_WARN_DOCUMENTATION_COMMENTS = YES;
				CLANG_WARN_EMPTY_BODY = YES;
				CLANG_WARN_ENUM_CONVERSION = YES;
				CLANG_WARN_INFINITE_RECURSION = YES;
				CLANG_WARN_INT_CONVERSION = YES;
				CLANG_WARN_NON_LITERAL_NULL_CONVERSION = YES;
				CLANG_WARN_OBJC_IMPLICIT_RETAIN_SELF = YES;
				CLANG_WARN_OBJC_LITERAL_CONVERSION = YES;
				CLANG_WARN_OBJC_ROOT_CLASS = YES_ERROR;
				CLANG_WARN_QUOTED_INCLUDE_IN_FRAMEWORK_HEADER = YES;
				CLANG_WARN_RANGE_LOOP_ANALYSIS = YES;
				CLANG_WARN_STRICT_PROTOTYPES = YES;
				CLANG_WARN_SUSPICIOUS_MOVE = YES;
				CLANG_WARN_UNGUARDED_AVAILABILITY = YES_AGGRESSIVE;
				CLANG_WARN_UNREACHABLE_CODE = YES;
				CLANG_WARN__DUPLICATE_METHOD_MATCH = YES;
				COPY_PHASE_STRIP = NO;
				DEBUG_INFORMATION_FORMAT = dwarf;
				ENABLE_STRICT_OBJC_MSGSEND = YES;
				ENABLE_TESTABILITY = YES;
				GCC_C_LANGUAGE_STANDARD = gnu11;
				GCC_DYNAMIC_NO_PIC = NO;
				GCC_NO_COMMON_BLOCKS = YES;
				GCC_OPTIMIZATION_LEVEL = 0;
				GCC_PREPROCESSOR_DEFINITIONS = (
					"DEBUG=1",
					"$(inherited)",
				);
				GCC_WARN_64_TO_32_BIT_CONVERSION = YES;
				GCC_WARN_ABOUT_RETURN_TYPE = YES_ERROR;
				GCC_WARN_UNDECLARED_SELECTOR = YES;
				GCC_WARN_UNINITIALIZED_AUTOS = YES_AGGRESSIVE;
				GCC_WARN_UNUSED_FUNCTION = YES;
				GCC_WARN_UNUSED_VARIABLE = YES;
				IPHONEOS_DEPLOYMENT_TARGET = 13.0;
				MTL_ENABLE_DEBUG_INFO = INCLUDE_SOURCE;
				MTL_FAST_MATH = YES;
				ONLY_ACTIVE_ARCH = YES;
				SDKROOT = iphoneos;
				SWIFT_ACTIVE_COMPILATION_CONDITIONS = DEBUG;
				SWIFT_OPTIMIZATION_LEVEL = "-Onone";
			};
			name = Debug;
		};
		CEAA5E26296780F300049358 /* Release */ = {
			isa = XCBuildConfiguration;
			buildSettings = {
				ALWAYS_SEARCH_USER_PATHS = NO;
				CLANG_ANALYZER_NONNULL = YES;
				CLANG_ANALYZER_NUMBER_OBJECT_CONVERSION = YES_AGGRESSIVE;
				CLANG_CXX_LANGUAGE_STANDARD = "gnu++20";
				CLANG_ENABLE_MODULES = YES;
				CLANG_ENABLE_OBJC_ARC = YES;
				CLANG_ENABLE_OBJC_WEAK = YES;
				CLANG_WARN_BLOCK_CAPTURE_AUTORELEASING = YES;
				CLANG_WARN_BOOL_CONVERSION = YES;
				CLANG_WARN_COMMA = YES;
				CLANG_WARN_CONSTANT_CONVERSION = YES;
				CLANG_WARN_DEPRECATED_OBJC_IMPLEMENTATIONS = YES;
				CLANG_WARN_DIRECT_OBJC_ISA_USAGE = YES_ERROR;
				CLANG_WARN_DOCUMENTATION_COMMENTS = YES;
				CLANG_WARN_EMPTY_BODY = YES;
				CLANG_WARN_ENUM_CONVERSION = YES;
				CLANG_WARN_INFINITE_RECURSION = YES;
				CLANG_WARN_INT_CONVERSION = YES;
				CLANG_WARN_NON_LITERAL_NULL_CONVERSION = YES;
				CLANG_WARN_OBJC_IMPLICIT_RETAIN_SELF = YES;
				CLANG_WARN_OBJC_LITERAL_CONVERSION = YES;
				CLANG_WARN_OBJC_ROOT_CLASS = YES_ERROR;
				CLANG_WARN_QUOTED_INCLUDE_IN_FRAMEWORK_HEADER = YES;
				CLANG_WARN_RANGE_LOOP_ANALYSIS = YES;
				CLANG_WARN_STRICT_PROTOTYPES = YES;
				CLANG_WARN_SUSPICIOUS_MOVE = YES;
				CLANG_WARN_UNGUARDED_AVAILABILITY = YES_AGGRESSIVE;
				CLANG_WARN_UNREACHABLE_CODE = YES;
				CLANG_WARN__DUPLICATE_METHOD_MATCH = YES;
				COPY_PHASE_STRIP = NO;
				DEBUG_INFORMATION_FORMAT = "dwarf-with-dsym";
				ENABLE_NS_ASSERTIONS = NO;
				ENABLE_STRICT_OBJC_MSGSEND = YES;
				GCC_C_LANGUAGE_STANDARD = gnu11;
				GCC_NO_COMMON_BLOCKS = YES;
				GCC_WARN_64_TO_32_BIT_CONVERSION = YES;
				GCC_WARN_ABOUT_RETURN_TYPE = YES_ERROR;
				GCC_WARN_UNDECLARED_SELECTOR = YES;
				GCC_WARN_UNINITIALIZED_AUTOS = YES_AGGRESSIVE;
				GCC_WARN_UNUSED_FUNCTION = YES;
				GCC_WARN_UNUSED_VARIABLE = YES;
				IPHONEOS_DEPLOYMENT_TARGET = 13.0;
				MTL_ENABLE_DEBUG_INFO = NO;
				MTL_FAST_MATH = YES;
				SDKROOT = iphoneos;
				SWIFT_COMPILATION_MODE = wholemodule;
				SWIFT_OPTIMIZATION_LEVEL = "-O";
				VALIDATE_PRODUCT = YES;
			};
			name = Release;
		};
		CEAA5E28296780F300049358 /* Debug */ = {
			isa = XCBuildConfiguration;
			buildSettings = {
				ASSETCATALOG_COMPILER_APPICON_NAME = AppIcon;
				ASSETCATALOG_COMPILER_GLOBAL_ACCENT_COLOR_NAME = AccentColor;
				CODE_SIGN_STYLE = Automatic;
				CURRENT_PROJECT_VERSION = 1;
				DEVELOPMENT_TEAM = 2RHXBRCF87;
				GENERATE_INFOPLIST_FILE = YES;
				INFOPLIST_FILE = generalDictionary/Info.plist;
				INFOPLIST_KEY_UIApplicationSupportsIndirectInputEvents = YES;
				INFOPLIST_KEY_UILaunchStoryboardName = LaunchScreen;
				INFOPLIST_KEY_UIMainStoryboardFile = "";
				INFOPLIST_KEY_UISupportedInterfaceOrientations_iPad = "UIInterfaceOrientationPortrait UIInterfaceOrientationPortraitUpsideDown UIInterfaceOrientationLandscapeLeft UIInterfaceOrientationLandscapeRight";
				INFOPLIST_KEY_UISupportedInterfaceOrientations_iPhone = "UIInterfaceOrientationPortrait UIInterfaceOrientationLandscapeLeft UIInterfaceOrientationLandscapeRight";
				IPHONEOS_DEPLOYMENT_TARGET = 13.0;
				LD_RUNPATH_SEARCH_PATHS = (
					"$(inherited)",
					"@executable_path/Frameworks",
				);
				MARKETING_VERSION = 1.0;
				PRODUCT_BUNDLE_IDENTIFIER = com.Adrian.generalDictionary;
				PRODUCT_NAME = "$(TARGET_NAME)";
				SUPPORTED_PLATFORMS = "iphoneos iphonesimulator";
				SUPPORTS_MACCATALYST = NO;
				SUPPORTS_MAC_DESIGNED_FOR_IPHONE_IPAD = NO;
				SWIFT_EMIT_LOC_STRINGS = YES;
				SWIFT_VERSION = 5.0;
				TARGETED_DEVICE_FAMILY = 1;
			};
			name = Debug;
		};
		CEAA5E29296780F300049358 /* Release */ = {
			isa = XCBuildConfiguration;
			buildSettings = {
				ASSETCATALOG_COMPILER_APPICON_NAME = AppIcon;
				ASSETCATALOG_COMPILER_GLOBAL_ACCENT_COLOR_NAME = AccentColor;
				CODE_SIGN_STYLE = Automatic;
				CURRENT_PROJECT_VERSION = 1;
				DEVELOPMENT_TEAM = 2RHXBRCF87;
				GENERATE_INFOPLIST_FILE = YES;
				INFOPLIST_FILE = generalDictionary/Info.plist;
				INFOPLIST_KEY_UIApplicationSupportsIndirectInputEvents = YES;
				INFOPLIST_KEY_UILaunchStoryboardName = LaunchScreen;
				INFOPLIST_KEY_UIMainStoryboardFile = "";
				INFOPLIST_KEY_UISupportedInterfaceOrientations_iPad = "UIInterfaceOrientationPortrait UIInterfaceOrientationPortraitUpsideDown UIInterfaceOrientationLandscapeLeft UIInterfaceOrientationLandscapeRight";
				INFOPLIST_KEY_UISupportedInterfaceOrientations_iPhone = "UIInterfaceOrientationPortrait UIInterfaceOrientationLandscapeLeft UIInterfaceOrientationLandscapeRight";
				IPHONEOS_DEPLOYMENT_TARGET = 13.0;
				LD_RUNPATH_SEARCH_PATHS = (
					"$(inherited)",
					"@executable_path/Frameworks",
				);
				MARKETING_VERSION = 1.0;
				PRODUCT_BUNDLE_IDENTIFIER = com.Adrian.generalDictionary;
				PRODUCT_NAME = "$(TARGET_NAME)";
				SUPPORTED_PLATFORMS = "iphoneos iphonesimulator";
				SUPPORTS_MACCATALYST = NO;
				SUPPORTS_MAC_DESIGNED_FOR_IPHONE_IPAD = NO;
				SWIFT_EMIT_LOC_STRINGS = YES;
				SWIFT_VERSION = 5.0;
				TARGETED_DEVICE_FAMILY = 1;
			};
			name = Release;
		};
/* End XCBuildConfiguration section */

/* Begin XCConfigurationList section */
		CEAA5E0E296780F000049358 /* Build configuration list for PBXProject "generalDictionary" */ = {
			isa = XCConfigurationList;
			buildConfigurations = (
				CEAA5E25296780F300049358 /* Debug */,
				CEAA5E26296780F300049358 /* Release */,
			);
			defaultConfigurationIsVisible = 0;
			defaultConfigurationName = Release;
		};
		CEAA5E27296780F300049358 /* Build configuration list for PBXNativeTarget "generalDictionary" */ = {
			isa = XCConfigurationList;
			buildConfigurations = (
				CEAA5E28296780F300049358 /* Debug */,
				CEAA5E29296780F300049358 /* Release */,
			);
			defaultConfigurationIsVisible = 0;
			defaultConfigurationName = Release;
		};
/* End XCConfigurationList section */
	};
	rootObject = CEAA5E0B296780F000049358 /* Project object */;
}
